PODS:
  - AFNetworking (3.0.4):
    - AFNetworking/NSURLSession (= 3.0.4)
    - AFNetworking/Reachability (= 3.0.4)
    - AFNetworking/Security (= 3.0.4)
    - AFNetworking/Serialization (= 3.0.4)
    - AFNetworking/UIKit (= 3.0.4)
  - AFNetworking/NSURLSession (3.0.4):
    - AFNetworking/Reachability
    - AFNetworking/Security
    - AFNetworking/Serialization
  - AFNetworking/Reachability (3.0.4)
  - AFNetworking/Security (3.0.4)
  - AFNetworking/Serialization (3.0.4)
  - AFNetworking/UIKit (3.0.4):
    - AFNetworking/NSURLSession
  - Google-Maps-iOS-SDK (1.9.2)
  - SIOSocket (0.2.0)
  - Socket.IO-Client-Swift (5.3.3)

DEPENDENCIES:
  - AFNetworking (~> 3.0)
  - Google-Maps-iOS-SDK (~> 1.9.2)
  - SIOSocket
  - Socket.IO-Client-Swift (~> 5.3.3)

SPEC CHECKSUMS:
  AFNetworking: a0075feb321559dc78d9d85b55d11caa19eabb93
  Google-Maps-iOS-SDK: 7f89cc1edb3ca239a410e5bc83cd1e060db3a289
  SIOSocket: 2facc0bd02ae72d98c223634a46dd8ebdf9be321
  Socket.IO-Client-Swift: debd5c155e4299e33854fbd26bfeaafcbc6df6c6

COCOAPODS: 0.39.0
