// !$*UTF8*$!
{
	archiveVersion = 1;
	classes = {
	};
	objectVersion = 46;
	objects = {

/* Begin PBXBuildFile section */
		1B4A1CC71CA126D900CC2A7E /* iAd.framework in Frameworks */ = {isa = PBXBuildFile; fileRef = 1B4A1CC61CA126D900CC2A7E /* iAd.framework */; };
		1B5010521CA2866D00612067 /* StoreKit.framework in Frameworks */ = {isa = PBXBuildFile; fileRef = 1B5010511CA2866D00612067 /* StoreKit.framework */; };
		1B5010541CA2867700612067 /* AdSupport.framework in Frameworks */ = {isa = PBXBuildFile; fileRef = 1B5010531CA2867700612067 /* AdSupport.framework */; };
		1B5010561CA2867E00612067 /* MessageUI.framework in Frameworks */ = {isa = PBXBuildFile; fileRef = 1B5010551CA2867E00612067 /* MessageUI.framework */; };
		1B5010581CA2868800612067 /* AudioToolbox.framework in Frameworks */ = {isa = PBXBuildFile; fileRef = 1B5010571CA2868800612067 /* AudioToolbox.framework */; };
		1B50105A1CA286AB00612067 /* UIKit.framework in Frameworks */ = {isa = PBXBuildFile; fileRef = 1B5010591CA286AB00612067 /* UIKit.framework */; };
		1B50105C1CA286B700612067 /* Foundation.framework in Frameworks */ = {isa = PBXBuildFile; fileRef = 1B50105B1CA286B700612067 /* Foundation.framework */; };
		1B50105E1CA286C500612067 /* CoreGraphics.framework in Frameworks */ = {isa = PBXBuildFile; fileRef = 1B50105D1CA286C500612067 /* CoreGraphics.framework */; };
		1B50107B1CA2A76B00612067 /* RSConstants.h in Sources */ = {isa = PBXBuildFile; fileRef = 9D52CB591C3D3A0D00262291 /* RSConstants.h */; };
		1B50107D1CA2A7BA00612067 /* QuartzCore.framework in Frameworks */ = {isa = PBXBuildFile; fileRef = 1B50107C1CA2A7BA00612067 /* QuartzCore.framework */; };
		1B5010871CA2A81D00612067 /* LARSAdController.m in Sources */ = {isa = PBXBuildFile; fileRef = 1B50107F1CA2A81D00612067 /* LARSAdController.m */; };
		1B5010881CA2A81D00612067 /* TOLAdAdapterGoogleAds.m in Sources */ = {isa = PBXBuildFile; fileRef = 1B5010821CA2A81D00612067 /* TOLAdAdapterGoogleAds.m */; };
		1B5010891CA2A81D00612067 /* TOLAdAdapteriAds.m in Sources */ = {isa = PBXBuildFile; fileRef = 1B5010841CA2A81D00612067 /* TOLAdAdapteriAds.m */; };
		1B50108A1CA2A81D00612067 /* TOLAdViewController.m in Sources */ = {isa = PBXBuildFile; fileRef = 1B5010861CA2A81D00612067 /* TOLAdViewController.m */; };
		1B5CB0881C848D450045226A /* HGMovingAnnotationSampleViewController.m in Sources */ = {isa = PBXBuildFile; fileRef = 1B5CB0811C848D450045226A /* HGMovingAnnotationSampleViewController.m */; };
		1B5CB0891C848D450045226A /* HGMovingAnnotation.m in Sources */ = {isa = PBXBuildFile; fileRef = 1B5CB0831C848D450045226A /* HGMovingAnnotation.m */; };
		1B5CB08A1C848D450045226A /* HGMovingAnnotationView.m in Sources */ = {isa = PBXBuildFile; fileRef = 1B5CB0851C848D450045226A /* HGMovingAnnotationView.m */; };
		1B5CB08B1C848D450045226A /* HGMapPath.m in Sources */ = {isa = PBXBuildFile; fileRef = 1B5CB0871C848D450045226A /* HGMapPath.m */; };
		1B6C9CF01C96949F00061747 /* OTPVerificationViewController.m in Sources */ = {isa = PBXBuildFile; fileRef = 1B6C9CEF1C96949F00061747 /* OTPVerificationViewController.m */; };
		1BC882FC1C8572F2009AC7F2 /* path.nmea in Resources */ = {isa = PBXBuildFile; fileRef = 1BC882FB1C8572F1009AC7F2 /* path.nmea */; };
		1BE68DBF1CA3E70600DDAD04 /* AVFoundation.framework in Frameworks */ = {isa = PBXBuildFile; fileRef = 1BE68DBE1CA3E70600DDAD04 /* AVFoundation.framework */; };
		1BE68DC11CA3E71C00DDAD04 /* CoreMedia.framework in Frameworks */ = {isa = PBXBuildFile; fileRef = 1BE68DC01CA3E71C00DDAD04 /* CoreMedia.framework */; };
		1BE68DC31CA3E72F00DDAD04 /* CoreTelephony.framework in Frameworks */ = {isa = PBXBuildFile; fileRef = 1BE68DC21CA3E72F00DDAD04 /* CoreTelephony.framework */; };
		1BE68DC51CA3E74100DDAD04 /* EventKit.framework in Frameworks */ = {isa = PBXBuildFile; fileRef = 1BE68DC41CA3E74100DDAD04 /* EventKit.framework */; };
		1BE68DC71CA3E74700DDAD04 /* EventKitUI.framework in Frameworks */ = {isa = PBXBuildFile; fileRef = 1BE68DC61CA3E74700DDAD04 /* EventKitUI.framework */; };
		1BE68DC91CA3E75C00DDAD04 /* MediaPlayer.framework in Frameworks */ = {isa = PBXBuildFile; fileRef = 1BE68DC81CA3E75C00DDAD04 /* MediaPlayer.framework */; };
		1BE68DCC1CA458FF00DDAD04 /* Hyderabad.gpx in Resources */ = {isa = PBXBuildFile; fileRef = 1BE68DCA1CA458FE00DDAD04 /* Hyderabad.gpx */; };
		1BE68DCD1CA458FF00DDAD04 /* MyOffice.gpx in Resources */ = {isa = PBXBuildFile; fileRef = 1BE68DCB1CA458FF00DDAD04 /* MyOffice.gpx */; };
		6916431032679E492E37B2D8 /* Pods_RideShare.framework in Frameworks */ = {isa = PBXBuildFile; fileRef = 2E60AB322146513386895064 /* Pods_RideShare.framework */; };
		9D4F00DE1C58C4AB0022A0A4 /* RideCell.m in Sources */ = {isa = PBXBuildFile; fileRef = 9D4F00DD1C58C4AB0022A0A4 /* RideCell.m */; };
		9D4F01371C5B8A750022A0A4 /* LeftMenuViewController.m in Sources */ = {isa = PBXBuildFile; fileRef = 9D4F01271C5B8A750022A0A4 /* LeftMenuViewController.m */; };
		9D4F01381C5B8A750022A0A4 /* RightMenuViewController.m in Sources */ = {isa = PBXBuildFile; fileRef = 9D4F01291C5B8A750022A0A4 /* RightMenuViewController.m */; };
		9D4F01391C5B8A750022A0A4 /* SlideNavigationContorllerAnimatorFade.m in Sources */ = {isa = PBXBuildFile; fileRef = 9D4F012C1C5B8A750022A0A4 /* SlideNavigationContorllerAnimatorFade.m */; };
		9D4F013A1C5B8A750022A0A4 /* SlideNavigationContorllerAnimatorScale.m in Sources */ = {isa = PBXBuildFile; fileRef = 9D4F012E1C5B8A750022A0A4 /* SlideNavigationContorllerAnimatorScale.m */; };
		9D4F013B1C5B8A750022A0A4 /* SlideNavigationContorllerAnimatorScaleAndFade.m in Sources */ = {isa = PBXBuildFile; fileRef = 9D4F01301C5B8A750022A0A4 /* SlideNavigationContorllerAnimatorScaleAndFade.m */; };
		9D4F013C1C5B8A750022A0A4 /* SlideNavigationContorllerAnimatorSlide.m in Sources */ = {isa = PBXBuildFile; fileRef = 9D4F01321C5B8A750022A0A4 /* SlideNavigationContorllerAnimatorSlide.m */; };
		9D4F013D1C5B8A750022A0A4 /* SlideNavigationContorllerAnimatorSlideAndFade.m in Sources */ = {isa = PBXBuildFile; fileRef = 9D4F01341C5B8A750022A0A4 /* SlideNavigationContorllerAnimatorSlideAndFade.m */; };
		9D4F013E1C5B8A750022A0A4 /* SlideNavigationController.m in Sources */ = {isa = PBXBuildFile; fileRef = 9D4F01361C5B8A750022A0A4 /* SlideNavigationController.m */; };
		9D4F01D01C6040AD0022A0A4 /* RSFilterOptionsViewController.m in Sources */ = {isa = PBXBuildFile; fileRef = 9D4F01CF1C6040AD0022A0A4 /* RSFilterOptionsViewController.m */; };
		9D52CAF41C3B9A2000262291 /* MapKit.framework in Frameworks */ = {isa = PBXBuildFile; fileRef = 9D52CAF31C3B9A2000262291 /* MapKit.framework */; };
		9D52CAF61C3B9A6400262291 /* CoreLocation.framework in Frameworks */ = {isa = PBXBuildFile; fileRef = 9D52CAF51C3B9A6400262291 /* CoreLocation.framework */; };
		9D52CAF91C3BA0BF00262291 /* RSLocationPickerController.m in Sources */ = {isa = PBXBuildFile; fileRef = 9D52CAF81C3BA0BF00262291 /* RSLocationPickerController.m */; };
		9D52CAFD1C3BA99B00262291 /* RLLoginViewController.m in Sources */ = {isa = PBXBuildFile; fileRef = 9D52CAFC1C3BA99B00262291 /* RLLoginViewController.m */; };
		9D52CB001C3BA9B500262291 /* RLRegistrationViewController.m in Sources */ = {isa = PBXBuildFile; fileRef = 9D52CAFF1C3BA9B500262291 /* RLRegistrationViewController.m */; };
		9D77E20C1C4652B40044B81F /* IQDropDownTextField.m in Sources */ = {isa = PBXBuildFile; fileRef = 9D77E1F01C4652B40044B81F /* IQDropDownTextField.m */; };
		9D77E20D1C4652B40044B81F /* IQKeyboardManager.m in Sources */ = {isa = PBXBuildFile; fileRef = 9D77E1F11C4652B40044B81F /* IQKeyboardManager.m */; };
		9D77E20E1C4652B40044B81F /* IQKeyboardReturnKeyHandler.m in Sources */ = {isa = PBXBuildFile; fileRef = 9D77E1F21C4652B40044B81F /* IQKeyboardReturnKeyHandler.m */; };
		9D77E20F1C4652B40044B81F /* IQUIView+Hierarchy.m in Sources */ = {isa = PBXBuildFile; fileRef = 9D77E1F31C4652B40044B81F /* IQUIView+Hierarchy.m */; };
		9D77E2101C4652B40044B81F /* IQUIView+IQKeyboardToolbar.m in Sources */ = {isa = PBXBuildFile; fileRef = 9D77E1F51C4652B40044B81F /* IQUIView+IQKeyboardToolbar.m */; };
		9D77E2111C4652B40044B81F /* IQBarButtonItem.m in Sources */ = {isa = PBXBuildFile; fileRef = 9D77E1F71C4652B40044B81F /* IQBarButtonItem.m */; };
		9D77E2121C4652B40044B81F /* IQNSArray+Sort.m in Sources */ = {isa = PBXBuildFile; fileRef = 9D77E1FE1C4652B40044B81F /* IQNSArray+Sort.m */; };
		9D77E2131C4652B40044B81F /* IQSegmentedNextPrevious.m in Sources */ = {isa = PBXBuildFile; fileRef = 9D77E2001C4652B40044B81F /* IQSegmentedNextPrevious.m */; };
		9D77E2141C4652B40044B81F /* IQTitleBarButtonItem.m in Sources */ = {isa = PBXBuildFile; fileRef = 9D77E2021C4652B40044B81F /* IQTitleBarButtonItem.m */; };
		9D77E2151C4652B40044B81F /* IQToolbar.m in Sources */ = {isa = PBXBuildFile; fileRef = 9D77E2041C4652B40044B81F /* IQToolbar.m */; };
		9D77E2161C4652B40044B81F /* IQUITextFieldView+Additions.m in Sources */ = {isa = PBXBuildFile; fileRef = 9D77E2061C4652B40044B81F /* IQUITextFieldView+Additions.m */; };
		9D77E2171C4652B40044B81F /* IQUIViewController+Additions.m in Sources */ = {isa = PBXBuildFile; fileRef = 9D77E2091C4652B40044B81F /* IQUIViewController+Additions.m */; };
		9D77E2181C4652B40044B81F /* IQUIWindow+Hierarchy.m in Sources */ = {isa = PBXBuildFile; fileRef = 9D77E20B1C4652B40044B81F /* IQUIWindow+Hierarchy.m */; };
		9D77E21B1C466E0E0044B81F /* RSUtils.m in Sources */ = {isa = PBXBuildFile; fileRef = 9D77E21A1C466E0E0044B81F /* RSUtils.m */; };
		9D77E2411C4E0B070044B81F /* RSServices.m in Sources */ = {isa = PBXBuildFile; fileRef = 9D77E2401C4E0B070044B81F /* RSServices.m */; };
		9D82B2591C3A9BAA005CB5D5 /* main.m in Sources */ = {isa = PBXBuildFile; fileRef = 9D82B2581C3A9BAA005CB5D5 /* main.m */; };
		9D82B25C1C3A9BAA005CB5D5 /* AppDelegate.m in Sources */ = {isa = PBXBuildFile; fileRef = 9D82B25B1C3A9BAA005CB5D5 /* AppDelegate.m */; };
		9D82B25F1C3A9BAA005CB5D5 /* RSHomeViewController.m in Sources */ = {isa = PBXBuildFile; fileRef = 9D82B25E1C3A9BAA005CB5D5 /* RSHomeViewController.m */; };
		9D82B2621C3A9BAA005CB5D5 /* Main.storyboard in Resources */ = {isa = PBXBuildFile; fileRef = 9D82B2601C3A9BAA005CB5D5 /* Main.storyboard */; };
		9D82B2641C3A9BAA005CB5D5 /* Assets.xcassets in Resources */ = {isa = PBXBuildFile; fileRef = 9D82B2631C3A9BAA005CB5D5 /* Assets.xcassets */; };
		9D82B2671C3A9BAA005CB5D5 /* LaunchScreen.storyboard in Resources */ = {isa = PBXBuildFile; fileRef = 9D82B2651C3A9BAA005CB5D5 /* LaunchScreen.storyboard */; };
		9D82B2861C3AA0F4005CB5D5 /* MainViewController.m in Sources */ = {isa = PBXBuildFile; fileRef = 9D82B2851C3AA0F4005CB5D5 /* MainViewController.m */; };
		9D82B2961C3AA395005CB5D5 /* AMSlideMenuContentSegue.m in Sources */ = {isa = PBXBuildFile; fileRef = 9D82B2881C3AA395005CB5D5 /* AMSlideMenuContentSegue.m */; };
		9D82B2971C3AA395005CB5D5 /* AMSlideMenuLeftMenuSegue.m in Sources */ = {isa = PBXBuildFile; fileRef = 9D82B28A1C3AA395005CB5D5 /* AMSlideMenuLeftMenuSegue.m */; };
		9D82B2981C3AA395005CB5D5 /* AMSlideMenuLeftTableViewController.m in Sources */ = {isa = PBXBuildFile; fileRef = 9D82B28C1C3AA395005CB5D5 /* AMSlideMenuLeftTableViewController.m */; };
		9D82B2991C3AA395005CB5D5 /* AMSlideMenuMainViewController.m in Sources */ = {isa = PBXBuildFile; fileRef = 9D82B28E1C3AA395005CB5D5 /* AMSlideMenuMainViewController.m */; };
		9D82B29A1C3AA395005CB5D5 /* AMSlideMenuRightMenuSegue.m in Sources */ = {isa = PBXBuildFile; fileRef = 9D82B2911C3AA395005CB5D5 /* AMSlideMenuRightMenuSegue.m */; };
		9D82B29B1C3AA395005CB5D5 /* AMSlideMenuRightTableViewController.m in Sources */ = {isa = PBXBuildFile; fileRef = 9D82B2931C3AA395005CB5D5 /* AMSlideMenuRightTableViewController.m */; };
		9D82B29C1C3AA395005CB5D5 /* UIViewController+AMSlideMenu.m in Sources */ = {isa = PBXBuildFile; fileRef = 9D82B2951C3AA395005CB5D5 /* UIViewController+AMSlideMenu.m */; };
		9D93495E1C4FA55B007E3330 /* User.m in Sources */ = {isa = PBXBuildFile; fileRef = 9D93495D1C4FA55B007E3330 /* User.m */; };
		9D9349611C4FAE66007E3330 /* RSChangePwdController.m in Sources */ = {isa = PBXBuildFile; fileRef = 9D9349601C4FAE66007E3330 /* RSChangePwdController.m */; };
		9D9349871C510B86007E3330 /* Reachability.m in Sources */ = {isa = PBXBuildFile; fileRef = 9D9349861C510B86007E3330 /* Reachability.m */; };
		9D9349891C510BF2007E3330 /* SystemConfiguration.framework in Frameworks */ = {isa = PBXBuildFile; fileRef = 9D9349881C510BF2007E3330 /* SystemConfiguration.framework */; };
		9D9349AF1C52450D007E3330 /* RSForgotPasswordViewController.m in Sources */ = {isa = PBXBuildFile; fileRef = 9D9349AE1C52450D007E3330 /* RSForgotPasswordViewController.m */; };
		9D9B69E61C642F10009E6494 /* RSNotificationsViewController.m in Sources */ = {isa = PBXBuildFile; fileRef = 9D9B69E51C642F10009E6494 /* RSNotificationsViewController.m */; };
		9DD3553A1C3E61F000868CEA /* RSHistoryViewController.m in Sources */ = {isa = PBXBuildFile; fileRef = 9DD355391C3E61F000868CEA /* RSHistoryViewController.m */; };
		9DD3553D1C3E78D200868CEA /* MyProfileViewController.m in Sources */ = {isa = PBXBuildFile; fileRef = 9DD3553C1C3E78D200868CEA /* MyProfileViewController.m */; };
		9DD355401C3E886F00868CEA /* RSRateUsViewController.m in Sources */ = {isa = PBXBuildFile; fileRef = 9DD3553F1C3E886F00868CEA /* RSRateUsViewController.m */; };
		9DD355431C3E9DD700868CEA /* RSFAQsViewController.m in Sources */ = {isa = PBXBuildFile; fileRef = 9DD355421C3E9DD700868CEA /* RSFAQsViewController.m */; };
		9DED386A1C64C21E00BBD131 /* NotificationCell.m in Sources */ = {isa = PBXBuildFile; fileRef = 9DED38691C64C21E00BBD131 /* NotificationCell.m */; };
		9DED386D1C64DC7D00BBD131 /* RSPickupLocationPickerViewController.m in Sources */ = {isa = PBXBuildFile; fileRef = 9DED386C1C64DC7D00BBD131 /* RSPickupLocationPickerViewController.m */; };
		9DED38931C65D76200BBD131 /* RSRideInProgressViewController.m in Sources */ = {isa = PBXBuildFile; fileRef = 9DED38921C65D76200BBD131 /* RSRideInProgressViewController.m */; };
/* End PBXBuildFile section */

/* Begin PBXFileReference section */
		1B4A1CC61CA126D900CC2A7E /* iAd.framework */ = {isa = PBXFileReference; lastKnownFileType = wrapper.framework; name = iAd.framework; path = System/Library/Frameworks/iAd.framework; sourceTree = SDKROOT; };
		1B5010511CA2866D00612067 /* StoreKit.framework */ = {isa = PBXFileReference; lastKnownFileType = wrapper.framework; name = StoreKit.framework; path = System/Library/Frameworks/StoreKit.framework; sourceTree = SDKROOT; };
		1B5010531CA2867700612067 /* AdSupport.framework */ = {isa = PBXFileReference; lastKnownFileType = wrapper.framework; name = AdSupport.framework; path = System/Library/Frameworks/AdSupport.framework; sourceTree = SDKROOT; };
		1B5010551CA2867E00612067 /* MessageUI.framework */ = {isa = PBXFileReference; lastKnownFileType = wrapper.framework; name = MessageUI.framework; path = System/Library/Frameworks/MessageUI.framework; sourceTree = SDKROOT; };
		1B5010571CA2868800612067 /* AudioToolbox.framework */ = {isa = PBXFileReference; lastKnownFileType = wrapper.framework; name = AudioToolbox.framework; path = System/Library/Frameworks/AudioToolbox.framework; sourceTree = SDKROOT; };
		1B5010591CA286AB00612067 /* UIKit.framework */ = {isa = PBXFileReference; lastKnownFileType = wrapper.framework; name = UIKit.framework; path = System/Library/Frameworks/UIKit.framework; sourceTree = SDKROOT; };
		1B50105B1CA286B700612067 /* Foundation.framework */ = {isa = PBXFileReference; lastKnownFileType = wrapper.framework; name = Foundation.framework; path = System/Library/Frameworks/Foundation.framework; sourceTree = SDKROOT; };
		1B50105D1CA286C500612067 /* CoreGraphics.framework */ = {isa = PBXFileReference; lastKnownFileType = wrapper.framework; name = CoreGraphics.framework; path = System/Library/Frameworks/CoreGraphics.framework; sourceTree = SDKROOT; };
		1B50107C1CA2A7BA00612067 /* QuartzCore.framework */ = {isa = PBXFileReference; lastKnownFileType = wrapper.framework; name = QuartzCore.framework; path = System/Library/Frameworks/QuartzCore.framework; sourceTree = SDKROOT; };
		1B50107E1CA2A81D00612067 /* LARSAdController.h */ = {isa = PBXFileReference; fileEncoding = 4; lastKnownFileType = sourcecode.c.h; path = LARSAdController.h; sourceTree = "<group>"; };
		1B50107F1CA2A81D00612067 /* LARSAdController.m */ = {isa = PBXFileReference; fileEncoding = 4; lastKnownFileType = sourcecode.c.objc; path = LARSAdController.m; sourceTree = "<group>"; };
		1B5010801CA2A81D00612067 /* TOLAdAdapter.h */ = {isa = PBXFileReference; fileEncoding = 4; lastKnownFileType = sourcecode.c.h; path = TOLAdAdapter.h; sourceTree = "<group>"; };
		1B5010811CA2A81D00612067 /* TOLAdAdapterGoogleAds.h */ = {isa = PBXFileReference; fileEncoding = 4; lastKnownFileType = sourcecode.c.h; path = TOLAdAdapterGoogleAds.h; sourceTree = "<group>"; };
		1B5010821CA2A81D00612067 /* TOLAdAdapterGoogleAds.m */ = {isa = PBXFileReference; fileEncoding = 4; lastKnownFileType = sourcecode.c.objc; path = TOLAdAdapterGoogleAds.m; sourceTree = "<group>"; };
		1B5010831CA2A81D00612067 /* TOLAdAdapteriAds.h */ = {isa = PBXFileReference; fileEncoding = 4; lastKnownFileType = sourcecode.c.h; path = TOLAdAdapteriAds.h; sourceTree = "<group>"; };
		1B5010841CA2A81D00612067 /* TOLAdAdapteriAds.m */ = {isa = PBXFileReference; fileEncoding = 4; lastKnownFileType = sourcecode.c.objc; path = TOLAdAdapteriAds.m; sourceTree = "<group>"; };
		1B5010851CA2A81D00612067 /* TOLAdViewController.h */ = {isa = PBXFileReference; fileEncoding = 4; lastKnownFileType = sourcecode.c.h; path = TOLAdViewController.h; sourceTree = "<group>"; };
		1B5010861CA2A81D00612067 /* TOLAdViewController.m */ = {isa = PBXFileReference; fileEncoding = 4; lastKnownFileType = sourcecode.c.objc; path = TOLAdViewController.m; sourceTree = "<group>"; };
		1B5CB0801C848D450045226A /* HGMovingAnnotationSampleViewController.h */ = {isa = PBXFileReference; fileEncoding = 4; lastKnownFileType = sourcecode.c.h; path = HGMovingAnnotationSampleViewController.h; sourceTree = "<group>"; };
		1B5CB0811C848D450045226A /* HGMovingAnnotationSampleViewController.m */ = {isa = PBXFileReference; fileEncoding = 4; lastKnownFileType = sourcecode.c.objc; path = HGMovingAnnotationSampleViewController.m; sourceTree = "<group>"; };
		1B5CB0821C848D450045226A /* HGMovingAnnotation.h */ = {isa = PBXFileReference; fileEncoding = 4; lastKnownFileType = sourcecode.c.h; path = HGMovingAnnotation.h; sourceTree = "<group>"; };
		1B5CB0831C848D450045226A /* HGMovingAnnotation.m */ = {isa = PBXFileReference; fileEncoding = 4; lastKnownFileType = sourcecode.c.objc; path = HGMovingAnnotation.m; sourceTree = "<group>"; };
		1B5CB0841C848D450045226A /* HGMovingAnnotationView.h */ = {isa = PBXFileReference; fileEncoding = 4; lastKnownFileType = sourcecode.c.h; path = HGMovingAnnotationView.h; sourceTree = "<group>"; };
		1B5CB0851C848D450045226A /* HGMovingAnnotationView.m */ = {isa = PBXFileReference; fileEncoding = 4; lastKnownFileType = sourcecode.c.objc; path = HGMovingAnnotationView.m; sourceTree = "<group>"; };
		1B5CB0861C848D450045226A /* HGMapPath.h */ = {isa = PBXFileReference; fileEncoding = 4; lastKnownFileType = sourcecode.c.h; path = HGMapPath.h; sourceTree = "<group>"; };
		1B5CB0871C848D450045226A /* HGMapPath.m */ = {isa = PBXFileReference; fileEncoding = 4; lastKnownFileType = sourcecode.c.objc; path = HGMapPath.m; sourceTree = "<group>"; };
		1B6C9CEE1C96949F00061747 /* OTPVerificationViewController.h */ = {isa = PBXFileReference; fileEncoding = 4; lastKnownFileType = sourcecode.c.h; path = OTPVerificationViewController.h; sourceTree = "<group>"; };
		1B6C9CEF1C96949F00061747 /* OTPVerificationViewController.m */ = {isa = PBXFileReference; fileEncoding = 4; lastKnownFileType = sourcecode.c.objc; path = OTPVerificationViewController.m; sourceTree = "<group>"; };
		1BB573871C69C7D700B17A31 /* RideShare-Bridging-Header.h */ = {isa = PBXFileReference; lastKnownFileType = sourcecode.c.h; path = "RideShare-Bridging-Header.h"; sourceTree = "<group>"; };
		1BC882FB1C8572F1009AC7F2 /* path.nmea */ = {isa = PBXFileReference; fileEncoding = 4; lastKnownFileType = text; path = path.nmea; sourceTree = "<group>"; };
		1BE68DBE1CA3E70600DDAD04 /* AVFoundation.framework */ = {isa = PBXFileReference; lastKnownFileType = wrapper.framework; name = AVFoundation.framework; path = System/Library/Frameworks/AVFoundation.framework; sourceTree = SDKROOT; };
		1BE68DC01CA3E71C00DDAD04 /* CoreMedia.framework */ = {isa = PBXFileReference; lastKnownFileType = wrapper.framework; name = CoreMedia.framework; path = System/Library/Frameworks/CoreMedia.framework; sourceTree = SDKROOT; };
		1BE68DC21CA3E72F00DDAD04 /* CoreTelephony.framework */ = {isa = PBXFileReference; lastKnownFileType = wrapper.framework; name = CoreTelephony.framework; path = System/Library/Frameworks/CoreTelephony.framework; sourceTree = SDKROOT; };
		1BE68DC41CA3E74100DDAD04 /* EventKit.framework */ = {isa = PBXFileReference; lastKnownFileType = wrapper.framework; name = EventKit.framework; path = System/Library/Frameworks/EventKit.framework; sourceTree = SDKROOT; };
		1BE68DC61CA3E74700DDAD04 /* EventKitUI.framework */ = {isa = PBXFileReference; lastKnownFileType = wrapper.framework; name = EventKitUI.framework; path = System/Library/Frameworks/EventKitUI.framework; sourceTree = SDKROOT; };
		1BE68DC81CA3E75C00DDAD04 /* MediaPlayer.framework */ = {isa = PBXFileReference; lastKnownFileType = wrapper.framework; name = MediaPlayer.framework; path = System/Library/Frameworks/MediaPlayer.framework; sourceTree = SDKROOT; };
		1BE68DCA1CA458FE00DDAD04 /* Hyderabad.gpx */ = {isa = PBXFileReference; fileEncoding = 4; lastKnownFileType = text.xml; path = Hyderabad.gpx; sourceTree = "<group>"; };
		1BE68DCB1CA458FF00DDAD04 /* MyOffice.gpx */ = {isa = PBXFileReference; fileEncoding = 4; lastKnownFileType = text.xml; path = MyOffice.gpx; sourceTree = "<group>"; };
		2E60AB322146513386895064 /* Pods_RideShare.framework */ = {isa = PBXFileReference; explicitFileType = wrapper.framework; includeInIndex = 0; path = Pods_RideShare.framework; sourceTree = BUILT_PRODUCTS_DIR; };
		4D0E464CF5689DFDA571FBA3 /* Pods-RideShare.release.xcconfig */ = {isa = PBXFileReference; includeInIndex = 1; lastKnownFileType = text.xcconfig; name = "Pods-RideShare.release.xcconfig"; path = "Pods/Target Support Files/Pods-RideShare/Pods-RideShare.release.xcconfig"; sourceTree = "<group>"; };
		9D4F00DC1C58C4AB0022A0A4 /* RideCell.h */ = {isa = PBXFileReference; fileEncoding = 4; lastKnownFileType = sourcecode.c.h; path = RideCell.h; sourceTree = "<group>"; };
		9D4F00DD1C58C4AB0022A0A4 /* RideCell.m */ = {isa = PBXFileReference; fileEncoding = 4; lastKnownFileType = sourcecode.c.objc; path = RideCell.m; sourceTree = "<group>"; };
		9D4F01261C5B8A750022A0A4 /* LeftMenuViewController.h */ = {isa = PBXFileReference; fileEncoding = 4; lastKnownFileType = sourcecode.c.h; path = LeftMenuViewController.h; sourceTree = "<group>"; };
		9D4F01271C5B8A750022A0A4 /* LeftMenuViewController.m */ = {isa = PBXFileReference; fileEncoding = 4; lastKnownFileType = sourcecode.c.objc; path = LeftMenuViewController.m; sourceTree = "<group>"; };
		9D4F01281C5B8A750022A0A4 /* RightMenuViewController.h */ = {isa = PBXFileReference; fileEncoding = 4; lastKnownFileType = sourcecode.c.h; path = RightMenuViewController.h; sourceTree = "<group>"; };
		9D4F01291C5B8A750022A0A4 /* RightMenuViewController.m */ = {isa = PBXFileReference; fileEncoding = 4; lastKnownFileType = sourcecode.c.objc; path = RightMenuViewController.m; sourceTree = "<group>"; };
		9D4F012A1C5B8A750022A0A4 /* SlideNavigationContorllerAnimator.h */ = {isa = PBXFileReference; fileEncoding = 4; lastKnownFileType = sourcecode.c.h; path = SlideNavigationContorllerAnimator.h; sourceTree = "<group>"; };
		9D4F012B1C5B8A750022A0A4 /* SlideNavigationContorllerAnimatorFade.h */ = {isa = PBXFileReference; fileEncoding = 4; lastKnownFileType = sourcecode.c.h; path = SlideNavigationContorllerAnimatorFade.h; sourceTree = "<group>"; };
		9D4F012C1C5B8A750022A0A4 /* SlideNavigationContorllerAnimatorFade.m */ = {isa = PBXFileReference; fileEncoding = 4; lastKnownFileType = sourcecode.c.objc; path = SlideNavigationContorllerAnimatorFade.m; sourceTree = "<group>"; };
		9D4F012D1C5B8A750022A0A4 /* SlideNavigationContorllerAnimatorScale.h */ = {isa = PBXFileReference; fileEncoding = 4; lastKnownFileType = sourcecode.c.h; path = SlideNavigationContorllerAnimatorScale.h; sourceTree = "<group>"; };
		9D4F012E1C5B8A750022A0A4 /* SlideNavigationContorllerAnimatorScale.m */ = {isa = PBXFileReference; fileEncoding = 4; lastKnownFileType = sourcecode.c.objc; path = SlideNavigationContorllerAnimatorScale.m; sourceTree = "<group>"; };
		9D4F012F1C5B8A750022A0A4 /* SlideNavigationContorllerAnimatorScaleAndFade.h */ = {isa = PBXFileReference; fileEncoding = 4; lastKnownFileType = sourcecode.c.h; path = SlideNavigationContorllerAnimatorScaleAndFade.h; sourceTree = "<group>"; };
		9D4F01301C5B8A750022A0A4 /* SlideNavigationContorllerAnimatorScaleAndFade.m */ = {isa = PBXFileReference; fileEncoding = 4; lastKnownFileType = sourcecode.c.objc; path = SlideNavigationContorllerAnimatorScaleAndFade.m; sourceTree = "<group>"; };
		9D4F01311C5B8A750022A0A4 /* SlideNavigationContorllerAnimatorSlide.h */ = {isa = PBXFileReference; fileEncoding = 4; lastKnownFileType = sourcecode.c.h; path = SlideNavigationContorllerAnimatorSlide.h; sourceTree = "<group>"; };
		9D4F01321C5B8A750022A0A4 /* SlideNavigationContorllerAnimatorSlide.m */ = {isa = PBXFileReference; fileEncoding = 4; lastKnownFileType = sourcecode.c.objc; path = SlideNavigationContorllerAnimatorSlide.m; sourceTree = "<group>"; };
		9D4F01331C5B8A750022A0A4 /* SlideNavigationContorllerAnimatorSlideAndFade.h */ = {isa = PBXFileReference; fileEncoding = 4; lastKnownFileType = sourcecode.c.h; path = SlideNavigationContorllerAnimatorSlideAndFade.h; sourceTree = "<group>"; };
		9D4F01341C5B8A750022A0A4 /* SlideNavigationContorllerAnimatorSlideAndFade.m */ = {isa = PBXFileReference; fileEncoding = 4; lastKnownFileType = sourcecode.c.objc; path = SlideNavigationContorllerAnimatorSlideAndFade.m; sourceTree = "<group>"; };
		9D4F01351C5B8A750022A0A4 /* SlideNavigationController.h */ = {isa = PBXFileReference; fileEncoding = 4; lastKnownFileType = sourcecode.c.h; path = SlideNavigationController.h; sourceTree = "<group>"; };
		9D4F01361C5B8A750022A0A4 /* SlideNavigationController.m */ = {isa = PBXFileReference; fileEncoding = 4; lastKnownFileType = sourcecode.c.objc; path = SlideNavigationController.m; sourceTree = "<group>"; };
		9D4F01CE1C6040AD0022A0A4 /* RSFilterOptionsViewController.h */ = {isa = PBXFileReference; fileEncoding = 4; lastKnownFileType = sourcecode.c.h; path = RSFilterOptionsViewController.h; sourceTree = "<group>"; };
		9D4F01CF1C6040AD0022A0A4 /* RSFilterOptionsViewController.m */ = {isa = PBXFileReference; fileEncoding = 4; lastKnownFileType = sourcecode.c.objc; path = RSFilterOptionsViewController.m; sourceTree = "<group>"; };
		9D52CAF31C3B9A2000262291 /* MapKit.framework */ = {isa = PBXFileReference; lastKnownFileType = wrapper.framework; name = MapKit.framework; path = System/Library/Frameworks/MapKit.framework; sourceTree = SDKROOT; };
		9D52CAF51C3B9A6400262291 /* CoreLocation.framework */ = {isa = PBXFileReference; lastKnownFileType = wrapper.framework; name = CoreLocation.framework; path = System/Library/Frameworks/CoreLocation.framework; sourceTree = SDKROOT; };
		9D52CAF71C3BA0BF00262291 /* RSLocationPickerController.h */ = {isa = PBXFileReference; fileEncoding = 4; lastKnownFileType = sourcecode.c.h; path = RSLocationPickerController.h; sourceTree = "<group>"; };
		9D52CAF81C3BA0BF00262291 /* RSLocationPickerController.m */ = {isa = PBXFileReference; fileEncoding = 4; lastKnownFileType = sourcecode.c.objc; path = RSLocationPickerController.m; sourceTree = "<group>"; };
		9D52CAFB1C3BA99B00262291 /* RLLoginViewController.h */ = {isa = PBXFileReference; fileEncoding = 4; lastKnownFileType = sourcecode.c.h; path = RLLoginViewController.h; sourceTree = "<group>"; };
		9D52CAFC1C3BA99B00262291 /* RLLoginViewController.m */ = {isa = PBXFileReference; fileEncoding = 4; lastKnownFileType = sourcecode.c.objc; path = RLLoginViewController.m; sourceTree = "<group>"; };
		9D52CAFE1C3BA9B500262291 /* RLRegistrationViewController.h */ = {isa = PBXFileReference; fileEncoding = 4; lastKnownFileType = sourcecode.c.h; path = RLRegistrationViewController.h; sourceTree = "<group>"; };
		9D52CAFF1C3BA9B500262291 /* RLRegistrationViewController.m */ = {isa = PBXFileReference; fileEncoding = 4; lastKnownFileType = sourcecode.c.objc; path = RLRegistrationViewController.m; sourceTree = "<group>"; };
		9D52CB591C3D3A0D00262291 /* RSConstants.h */ = {isa = PBXFileReference; fileEncoding = 4; lastKnownFileType = sourcecode.c.h; path = RSConstants.h; sourceTree = "<group>"; };
		9D77E1F01C4652B40044B81F /* IQDropDownTextField.m */ = {isa = PBXFileReference; fileEncoding = 4; lastKnownFileType = sourcecode.c.objc; name = IQDropDownTextField.m; path = KeyboardHandler/IQDropDownTextField.m; sourceTree = SOURCE_ROOT; };
		9D77E1F11C4652B40044B81F /* IQKeyboardManager.m */ = {isa = PBXFileReference; fileEncoding = 4; lastKnownFileType = sourcecode.c.objc; name = IQKeyboardManager.m; path = KeyboardHandler/IQKeyboardManager.m; sourceTree = SOURCE_ROOT; };
		9D77E1F21C4652B40044B81F /* IQKeyboardReturnKeyHandler.m */ = {isa = PBXFileReference; fileEncoding = 4; lastKnownFileType = sourcecode.c.objc; name = IQKeyboardReturnKeyHandler.m; path = KeyboardHandler/IQKeyboardReturnKeyHandler.m; sourceTree = SOURCE_ROOT; };
		9D77E1F31C4652B40044B81F /* IQUIView+Hierarchy.m */ = {isa = PBXFileReference; fileEncoding = 4; lastKnownFileType = sourcecode.c.objc; name = "IQUIView+Hierarchy.m"; path = "KeyboardHandler/IQUIView+Hierarchy.m"; sourceTree = SOURCE_ROOT; };
		9D77E1F41C4652B40044B81F /* IQUIView+IQKeyboardToolbar.h */ = {isa = PBXFileReference; fileEncoding = 4; lastKnownFileType = sourcecode.c.h; name = "IQUIView+IQKeyboardToolbar.h"; path = "KeyboardHandler/IQUIView+IQKeyboardToolbar.h"; sourceTree = SOURCE_ROOT; };
		9D77E1F51C4652B40044B81F /* IQUIView+IQKeyboardToolbar.m */ = {isa = PBXFileReference; fileEncoding = 4; lastKnownFileType = sourcecode.c.objc; name = "IQUIView+IQKeyboardToolbar.m"; path = "KeyboardHandler/IQUIView+IQKeyboardToolbar.m"; sourceTree = SOURCE_ROOT; };
		9D77E1F61C4652B40044B81F /* IQBarButtonItem.h */ = {isa = PBXFileReference; fileEncoding = 4; lastKnownFileType = sourcecode.c.h; name = IQBarButtonItem.h; path = KeyboardHandler/IQBarButtonItem.h; sourceTree = SOURCE_ROOT; };
		9D77E1F71C4652B40044B81F /* IQBarButtonItem.m */ = {isa = PBXFileReference; fileEncoding = 4; lastKnownFileType = sourcecode.c.objc; name = IQBarButtonItem.m; path = KeyboardHandler/IQBarButtonItem.m; sourceTree = SOURCE_ROOT; };
		9D77E1F81C4652B40044B81F /* IQDropDownTextField.h */ = {isa = PBXFileReference; fileEncoding = 4; lastKnownFileType = sourcecode.c.h; name = IQDropDownTextField.h; path = KeyboardHandler/IQDropDownTextField.h; sourceTree = SOURCE_ROOT; };
		9D77E1F91C4652B40044B81F /* IQKeyboardManager.h */ = {isa = PBXFileReference; fileEncoding = 4; lastKnownFileType = sourcecode.c.h; name = IQKeyboardManager.h; path = KeyboardHandler/IQKeyboardManager.h; sourceTree = SOURCE_ROOT; };
		9D77E1FA1C4652B40044B81F /* IQKeyboardManagerConstants.h */ = {isa = PBXFileReference; fileEncoding = 4; lastKnownFileType = sourcecode.c.h; name = IQKeyboardManagerConstants.h; path = KeyboardHandler/IQKeyboardManagerConstants.h; sourceTree = SOURCE_ROOT; };
		9D77E1FB1C4652B40044B81F /* IQKeyboardManagerConstantsInternal.h */ = {isa = PBXFileReference; fileEncoding = 4; lastKnownFileType = sourcecode.c.h; name = IQKeyboardManagerConstantsInternal.h; path = KeyboardHandler/IQKeyboardManagerConstantsInternal.h; sourceTree = SOURCE_ROOT; };
		9D77E1FC1C4652B40044B81F /* IQKeyboardReturnKeyHandler.h */ = {isa = PBXFileReference; fileEncoding = 4; lastKnownFileType = sourcecode.c.h; name = IQKeyboardReturnKeyHandler.h; path = KeyboardHandler/IQKeyboardReturnKeyHandler.h; sourceTree = SOURCE_ROOT; };
		9D77E1FD1C4652B40044B81F /* IQNSArray+Sort.h */ = {isa = PBXFileReference; fileEncoding = 4; lastKnownFileType = sourcecode.c.h; name = "IQNSArray+Sort.h"; path = "KeyboardHandler/IQNSArray+Sort.h"; sourceTree = SOURCE_ROOT; };
		9D77E1FE1C4652B40044B81F /* IQNSArray+Sort.m */ = {isa = PBXFileReference; fileEncoding = 4; lastKnownFileType = sourcecode.c.objc; name = "IQNSArray+Sort.m"; path = "KeyboardHandler/IQNSArray+Sort.m"; sourceTree = SOURCE_ROOT; };
		9D77E1FF1C4652B40044B81F /* IQSegmentedNextPrevious.h */ = {isa = PBXFileReference; fileEncoding = 4; lastKnownFileType = sourcecode.c.h; name = IQSegmentedNextPrevious.h; path = KeyboardHandler/IQSegmentedNextPrevious.h; sourceTree = SOURCE_ROOT; };
		9D77E2001C4652B40044B81F /* IQSegmentedNextPrevious.m */ = {isa = PBXFileReference; fileEncoding = 4; lastKnownFileType = sourcecode.c.objc; name = IQSegmentedNextPrevious.m; path = KeyboardHandler/IQSegmentedNextPrevious.m; sourceTree = SOURCE_ROOT; };
		9D77E2011C4652B40044B81F /* IQTitleBarButtonItem.h */ = {isa = PBXFileReference; fileEncoding = 4; lastKnownFileType = sourcecode.c.h; name = IQTitleBarButtonItem.h; path = KeyboardHandler/IQTitleBarButtonItem.h; sourceTree = SOURCE_ROOT; };
		9D77E2021C4652B40044B81F /* IQTitleBarButtonItem.m */ = {isa = PBXFileReference; fileEncoding = 4; lastKnownFileType = sourcecode.c.objc; name = IQTitleBarButtonItem.m; path = KeyboardHandler/IQTitleBarButtonItem.m; sourceTree = SOURCE_ROOT; };
		9D77E2031C4652B40044B81F /* IQToolbar.h */ = {isa = PBXFileReference; fileEncoding = 4; lastKnownFileType = sourcecode.c.h; name = IQToolbar.h; path = KeyboardHandler/IQToolbar.h; sourceTree = SOURCE_ROOT; };
		9D77E2041C4652B40044B81F /* IQToolbar.m */ = {isa = PBXFileReference; fileEncoding = 4; lastKnownFileType = sourcecode.c.objc; name = IQToolbar.m; path = KeyboardHandler/IQToolbar.m; sourceTree = SOURCE_ROOT; };
		9D77E2051C4652B40044B81F /* IQUITextFieldView+Additions.h */ = {isa = PBXFileReference; fileEncoding = 4; lastKnownFileType = sourcecode.c.h; name = "IQUITextFieldView+Additions.h"; path = "KeyboardHandler/IQUITextFieldView+Additions.h"; sourceTree = SOURCE_ROOT; };
		9D77E2061C4652B40044B81F /* IQUITextFieldView+Additions.m */ = {isa = PBXFileReference; fileEncoding = 4; lastKnownFileType = sourcecode.c.objc; name = "IQUITextFieldView+Additions.m"; path = "KeyboardHandler/IQUITextFieldView+Additions.m"; sourceTree = SOURCE_ROOT; };
		9D77E2071C4652B40044B81F /* IQUIView+Hierarchy.h */ = {isa = PBXFileReference; fileEncoding = 4; lastKnownFileType = sourcecode.c.h; name = "IQUIView+Hierarchy.h"; path = "KeyboardHandler/IQUIView+Hierarchy.h"; sourceTree = SOURCE_ROOT; };
		9D77E2081C4652B40044B81F /* IQUIViewController+Additions.h */ = {isa = PBXFileReference; fileEncoding = 4; lastKnownFileType = sourcecode.c.h; name = "IQUIViewController+Additions.h"; path = "KeyboardHandler/IQUIViewController+Additions.h"; sourceTree = SOURCE_ROOT; };
		9D77E2091C4652B40044B81F /* IQUIViewController+Additions.m */ = {isa = PBXFileReference; fileEncoding = 4; lastKnownFileType = sourcecode.c.objc; name = "IQUIViewController+Additions.m"; path = "KeyboardHandler/IQUIViewController+Additions.m"; sourceTree = SOURCE_ROOT; };
		9D77E20A1C4652B40044B81F /* IQUIWindow+Hierarchy.h */ = {isa = PBXFileReference; fileEncoding = 4; lastKnownFileType = sourcecode.c.h; name = "IQUIWindow+Hierarchy.h"; path = "KeyboardHandler/IQUIWindow+Hierarchy.h"; sourceTree = SOURCE_ROOT; };
		9D77E20B1C4652B40044B81F /* IQUIWindow+Hierarchy.m */ = {isa = PBXFileReference; fileEncoding = 4; lastKnownFileType = sourcecode.c.objc; name = "IQUIWindow+Hierarchy.m"; path = "KeyboardHandler/IQUIWindow+Hierarchy.m"; sourceTree = SOURCE_ROOT; };
		9D77E2191C466E0E0044B81F /* RSUtils.h */ = {isa = PBXFileReference; fileEncoding = 4; lastKnownFileType = sourcecode.c.h; path = RSUtils.h; sourceTree = "<group>"; };
		9D77E21A1C466E0E0044B81F /* RSUtils.m */ = {isa = PBXFileReference; fileEncoding = 4; lastKnownFileType = sourcecode.c.objc; path = RSUtils.m; sourceTree = "<group>"; };
		9D77E23F1C4E0B070044B81F /* RSServices.h */ = {isa = PBXFileReference; fileEncoding = 4; lastKnownFileType = sourcecode.c.h; path = RSServices.h; sourceTree = "<group>"; };
		9D77E2401C4E0B070044B81F /* RSServices.m */ = {isa = PBXFileReference; fileEncoding = 4; lastKnownFileType = sourcecode.c.objc; path = RSServices.m; sourceTree = "<group>"; };
		9D77E2421C4E21310044B81F /* RSConfig.h */ = {isa = PBXFileReference; lastKnownFileType = sourcecode.c.h; path = RSConfig.h; sourceTree = "<group>"; };
		9D82B2541C3A9BAA005CB5D5 /* RideShare.app */ = {isa = PBXFileReference; explicitFileType = wrapper.application; includeInIndex = 0; path = RideShare.app; sourceTree = BUILT_PRODUCTS_DIR; };
		9D82B2581C3A9BAA005CB5D5 /* main.m */ = {isa = PBXFileReference; lastKnownFileType = sourcecode.c.objc; path = main.m; sourceTree = "<group>"; };
		9D82B25A1C3A9BAA005CB5D5 /* AppDelegate.h */ = {isa = PBXFileReference; lastKnownFileType = sourcecode.c.h; path = AppDelegate.h; sourceTree = "<group>"; };
		9D82B25B1C3A9BAA005CB5D5 /* AppDelegate.m */ = {isa = PBXFileReference; lastKnownFileType = sourcecode.c.objc; path = AppDelegate.m; sourceTree = "<group>"; };
		9D82B25D1C3A9BAA005CB5D5 /* RSHomeViewController.h */ = {isa = PBXFileReference; lastKnownFileType = sourcecode.c.h; path = RSHomeViewController.h; sourceTree = "<group>"; };
		9D82B25E1C3A9BAA005CB5D5 /* RSHomeViewController.m */ = {isa = PBXFileReference; lastKnownFileType = sourcecode.c.objc; path = RSHomeViewController.m; sourceTree = "<group>"; };
		9D82B2611C3A9BAA005CB5D5 /* Base */ = {isa = PBXFileReference; lastKnownFileType = file.storyboard; name = Base; path = Base.lproj/Main.storyboard; sourceTree = "<group>"; };
		9D82B2631C3A9BAA005CB5D5 /* Assets.xcassets */ = {isa = PBXFileReference; lastKnownFileType = folder.assetcatalog; path = Assets.xcassets; sourceTree = "<group>"; };
		9D82B2661C3A9BAA005CB5D5 /* Base */ = {isa = PBXFileReference; lastKnownFileType = file.storyboard; name = Base; path = Base.lproj/LaunchScreen.storyboard; sourceTree = "<group>"; };
		9D82B2681C3A9BAA005CB5D5 /* Info.plist */ = {isa = PBXFileReference; lastKnownFileType = text.plist.xml; path = Info.plist; sourceTree = "<group>"; };
		9D82B2841C3AA0F4005CB5D5 /* MainViewController.h */ = {isa = PBXFileReference; fileEncoding = 4; lastKnownFileType = sourcecode.c.h; path = MainViewController.h; sourceTree = "<group>"; };
		9D82B2851C3AA0F4005CB5D5 /* MainViewController.m */ = {isa = PBXFileReference; fileEncoding = 4; lastKnownFileType = sourcecode.c.objc; path = MainViewController.m; sourceTree = "<group>"; };
		9D82B2871C3AA395005CB5D5 /* AMSlideMenuContentSegue.h */ = {isa = PBXFileReference; fileEncoding = 4; lastKnownFileType = sourcecode.c.h; path = AMSlideMenuContentSegue.h; sourceTree = "<group>"; };
		9D82B2881C3AA395005CB5D5 /* AMSlideMenuContentSegue.m */ = {isa = PBXFileReference; fileEncoding = 4; lastKnownFileType = sourcecode.c.objc; path = AMSlideMenuContentSegue.m; sourceTree = "<group>"; };
		9D82B2891C3AA395005CB5D5 /* AMSlideMenuLeftMenuSegue.h */ = {isa = PBXFileReference; fileEncoding = 4; lastKnownFileType = sourcecode.c.h; path = AMSlideMenuLeftMenuSegue.h; sourceTree = "<group>"; };
		9D82B28A1C3AA395005CB5D5 /* AMSlideMenuLeftMenuSegue.m */ = {isa = PBXFileReference; fileEncoding = 4; lastKnownFileType = sourcecode.c.objc; path = AMSlideMenuLeftMenuSegue.m; sourceTree = "<group>"; };
		9D82B28B1C3AA395005CB5D5 /* AMSlideMenuLeftTableViewController.h */ = {isa = PBXFileReference; fileEncoding = 4; lastKnownFileType = sourcecode.c.h; path = AMSlideMenuLeftTableViewController.h; sourceTree = "<group>"; };
		9D82B28C1C3AA395005CB5D5 /* AMSlideMenuLeftTableViewController.m */ = {isa = PBXFileReference; fileEncoding = 4; lastKnownFileType = sourcecode.c.objc; path = AMSlideMenuLeftTableViewController.m; sourceTree = "<group>"; };
		9D82B28D1C3AA395005CB5D5 /* AMSlideMenuMainViewController.h */ = {isa = PBXFileReference; fileEncoding = 4; lastKnownFileType = sourcecode.c.h; path = AMSlideMenuMainViewController.h; sourceTree = "<group>"; };
		9D82B28E1C3AA395005CB5D5 /* AMSlideMenuMainViewController.m */ = {isa = PBXFileReference; fileEncoding = 4; lastKnownFileType = sourcecode.c.objc; path = AMSlideMenuMainViewController.m; sourceTree = "<group>"; };
		9D82B28F1C3AA395005CB5D5 /* AMSlideMenuProtocols.h */ = {isa = PBXFileReference; fileEncoding = 4; lastKnownFileType = sourcecode.c.h; path = AMSlideMenuProtocols.h; sourceTree = "<group>"; };
		9D82B2901C3AA395005CB5D5 /* AMSlideMenuRightMenuSegue.h */ = {isa = PBXFileReference; fileEncoding = 4; lastKnownFileType = sourcecode.c.h; path = AMSlideMenuRightMenuSegue.h; sourceTree = "<group>"; };
		9D82B2911C3AA395005CB5D5 /* AMSlideMenuRightMenuSegue.m */ = {isa = PBXFileReference; fileEncoding = 4; lastKnownFileType = sourcecode.c.objc; path = AMSlideMenuRightMenuSegue.m; sourceTree = "<group>"; };
		9D82B2921C3AA395005CB5D5 /* AMSlideMenuRightTableViewController.h */ = {isa = PBXFileReference; fileEncoding = 4; lastKnownFileType = sourcecode.c.h; path = AMSlideMenuRightTableViewController.h; sourceTree = "<group>"; };
		9D82B2931C3AA395005CB5D5 /* AMSlideMenuRightTableViewController.m */ = {isa = PBXFileReference; fileEncoding = 4; lastKnownFileType = sourcecode.c.objc; path = AMSlideMenuRightTableViewController.m; sourceTree = "<group>"; };
		9D82B2941C3AA395005CB5D5 /* UIViewController+AMSlideMenu.h */ = {isa = PBXFileReference; fileEncoding = 4; lastKnownFileType = sourcecode.c.h; path = "UIViewController+AMSlideMenu.h"; sourceTree = "<group>"; };
		9D82B2951C3AA395005CB5D5 /* UIViewController+AMSlideMenu.m */ = {isa = PBXFileReference; fileEncoding = 4; lastKnownFileType = sourcecode.c.objc; path = "UIViewController+AMSlideMenu.m"; sourceTree = "<group>"; };
		9D93495C1C4FA55B007E3330 /* User.h */ = {isa = PBXFileReference; fileEncoding = 4; lastKnownFileType = sourcecode.c.h; path = User.h; sourceTree = "<group>"; };
		9D93495D1C4FA55B007E3330 /* User.m */ = {isa = PBXFileReference; fileEncoding = 4; lastKnownFileType = sourcecode.c.objc; path = User.m; sourceTree = "<group>"; };
		9D93495F1C4FAE66007E3330 /* RSChangePwdController.h */ = {isa = PBXFileReference; fileEncoding = 4; lastKnownFileType = sourcecode.c.h; path = RSChangePwdController.h; sourceTree = "<group>"; };
		9D9349601C4FAE66007E3330 /* RSChangePwdController.m */ = {isa = PBXFileReference; fileEncoding = 4; lastKnownFileType = sourcecode.c.objc; path = RSChangePwdController.m; sourceTree = "<group>"; };
		9D9349851C510B86007E3330 /* Reachability.h */ = {isa = PBXFileReference; fileEncoding = 4; lastKnownFileType = sourcecode.c.h; path = Reachability.h; sourceTree = "<group>"; };
		9D9349861C510B86007E3330 /* Reachability.m */ = {isa = PBXFileReference; fileEncoding = 4; lastKnownFileType = sourcecode.c.objc; path = Reachability.m; sourceTree = "<group>"; };
		9D9349881C510BF2007E3330 /* SystemConfiguration.framework */ = {isa = PBXFileReference; lastKnownFileType = wrapper.framework; name = SystemConfiguration.framework; path = System/Library/Frameworks/SystemConfiguration.framework; sourceTree = SDKROOT; };
		9D9349AD1C52450D007E3330 /* RSForgotPasswordViewController.h */ = {isa = PBXFileReference; fileEncoding = 4; lastKnownFileType = sourcecode.c.h; path = RSForgotPasswordViewController.h; sourceTree = "<group>"; };
		9D9349AE1C52450D007E3330 /* RSForgotPasswordViewController.m */ = {isa = PBXFileReference; fileEncoding = 4; lastKnownFileType = sourcecode.c.objc; path = RSForgotPasswordViewController.m; sourceTree = "<group>"; };
		9D9B69E41C642F10009E6494 /* RSNotificationsViewController.h */ = {isa = PBXFileReference; fileEncoding = 4; lastKnownFileType = sourcecode.c.h; path = RSNotificationsViewController.h; sourceTree = "<group>"; };
		9D9B69E51C642F10009E6494 /* RSNotificationsViewController.m */ = {isa = PBXFileReference; fileEncoding = 4; lastKnownFileType = sourcecode.c.objc; path = RSNotificationsViewController.m; sourceTree = "<group>"; };
		9DD355381C3E61F000868CEA /* RSHistoryViewController.h */ = {isa = PBXFileReference; fileEncoding = 4; lastKnownFileType = sourcecode.c.h; path = RSHistoryViewController.h; sourceTree = "<group>"; };
		9DD355391C3E61F000868CEA /* RSHistoryViewController.m */ = {isa = PBXFileReference; fileEncoding = 4; lastKnownFileType = sourcecode.c.objc; path = RSHistoryViewController.m; sourceTree = "<group>"; };
		9DD3553B1C3E78D200868CEA /* MyProfileViewController.h */ = {isa = PBXFileReference; fileEncoding = 4; lastKnownFileType = sourcecode.c.h; path = MyProfileViewController.h; sourceTree = "<group>"; };
		9DD3553C1C3E78D200868CEA /* MyProfileViewController.m */ = {isa = PBXFileReference; fileEncoding = 4; lastKnownFileType = sourcecode.c.objc; path = MyProfileViewController.m; sourceTree = "<group>"; };
		9DD3553E1C3E886F00868CEA /* RSRateUsViewController.h */ = {isa = PBXFileReference; fileEncoding = 4; lastKnownFileType = sourcecode.c.h; path = RSRateUsViewController.h; sourceTree = "<group>"; };
		9DD3553F1C3E886F00868CEA /* RSRateUsViewController.m */ = {isa = PBXFileReference; fileEncoding = 4; lastKnownFileType = sourcecode.c.objc; path = RSRateUsViewController.m; sourceTree = "<group>"; };
		9DD355411C3E9DD700868CEA /* RSFAQsViewController.h */ = {isa = PBXFileReference; fileEncoding = 4; lastKnownFileType = sourcecode.c.h; path = RSFAQsViewController.h; sourceTree = "<group>"; };
		9DD355421C3E9DD700868CEA /* RSFAQsViewController.m */ = {isa = PBXFileReference; fileEncoding = 4; lastKnownFileType = sourcecode.c.objc; path = RSFAQsViewController.m; sourceTree = "<group>"; };
		9DED38681C64C21E00BBD131 /* NotificationCell.h */ = {isa = PBXFileReference; fileEncoding = 4; lastKnownFileType = sourcecode.c.h; path = NotificationCell.h; sourceTree = "<group>"; };
		9DED38691C64C21E00BBD131 /* NotificationCell.m */ = {isa = PBXFileReference; fileEncoding = 4; lastKnownFileType = sourcecode.c.objc; path = NotificationCell.m; sourceTree = "<group>"; };
		9DED386B1C64DC7D00BBD131 /* RSPickupLocationPickerViewController.h */ = {isa = PBXFileReference; fileEncoding = 4; lastKnownFileType = sourcecode.c.h; path = RSPickupLocationPickerViewController.h; sourceTree = "<group>"; };
		9DED386C1C64DC7D00BBD131 /* RSPickupLocationPickerViewController.m */ = {isa = PBXFileReference; fileEncoding = 4; lastKnownFileType = sourcecode.c.objc; path = RSPickupLocationPickerViewController.m; sourceTree = "<group>"; };
		9DED38911C65D76200BBD131 /* RSRideInProgressViewController.h */ = {isa = PBXFileReference; fileEncoding = 4; lastKnownFileType = sourcecode.c.h; path = RSRideInProgressViewController.h; sourceTree = "<group>"; };
		9DED38921C65D76200BBD131 /* RSRideInProgressViewController.m */ = {isa = PBXFileReference; fileEncoding = 4; lastKnownFileType = sourcecode.c.objc; path = RSRideInProgressViewController.m; sourceTree = "<group>"; };
		F1FF09A78F8D54BBE142B819 /* Pods-RideShare.debug.xcconfig */ = {isa = PBXFileReference; includeInIndex = 1; lastKnownFileType = text.xcconfig; name = "Pods-RideShare.debug.xcconfig"; path = "Pods/Target Support Files/Pods-RideShare/Pods-RideShare.debug.xcconfig"; sourceTree = "<group>"; };
/* End PBXFileReference section */

/* Begin PBXFrameworksBuildPhase section */
		9D82B2511C3A9BAA005CB5D5 /* Frameworks */ = {
			isa = PBXFrameworksBuildPhase;
			buildActionMask = 2147483647;
			files = (
				1BE68DC91CA3E75C00DDAD04 /* MediaPlayer.framework in Frameworks */,
				1BE68DC71CA3E74700DDAD04 /* EventKitUI.framework in Frameworks */,
				1BE68DC51CA3E74100DDAD04 /* EventKit.framework in Frameworks */,
				1BE68DC31CA3E72F00DDAD04 /* CoreTelephony.framework in Frameworks */,
				1BE68DC11CA3E71C00DDAD04 /* CoreMedia.framework in Frameworks */,
				1BE68DBF1CA3E70600DDAD04 /* AVFoundation.framework in Frameworks */,
				1B50107D1CA2A7BA00612067 /* QuartzCore.framework in Frameworks */,
				1B50105E1CA286C500612067 /* CoreGraphics.framework in Frameworks */,
				1B50105C1CA286B700612067 /* Foundation.framework in Frameworks */,
				1B50105A1CA286AB00612067 /* UIKit.framework in Frameworks */,
				1B4A1CC71CA126D900CC2A7E /* iAd.framework in Frameworks */,
				9D9349891C510BF2007E3330 /* SystemConfiguration.framework in Frameworks */,
				1B5010581CA2868800612067 /* AudioToolbox.framework in Frameworks */,
				1B5010561CA2867E00612067 /* MessageUI.framework in Frameworks */,
				1B5010541CA2867700612067 /* AdSupport.framework in Frameworks */,
				1B5010521CA2866D00612067 /* StoreKit.framework in Frameworks */,
				9D52CAF61C3B9A6400262291 /* CoreLocation.framework in Frameworks */,
				9D52CAF41C3B9A2000262291 /* MapKit.framework in Frameworks */,
				6916431032679E492E37B2D8 /* Pods_RideShare.framework in Frameworks */,
			);
			runOnlyForDeploymentPostprocessing = 0;
		};
/* End PBXFrameworksBuildPhase section */

/* Begin PBXGroup section */
		1A8BA193E0C59A1D6D9B20CE /* Frameworks */ = {
			isa = PBXGroup;
			children = (
				1BE68DC81CA3E75C00DDAD04 /* MediaPlayer.framework */,
				1BE68DC61CA3E74700DDAD04 /* EventKitUI.framework */,
				1BE68DC41CA3E74100DDAD04 /* EventKit.framework */,
				1BE68DC21CA3E72F00DDAD04 /* CoreTelephony.framework */,
				1BE68DC01CA3E71C00DDAD04 /* CoreMedia.framework */,
				1BE68DBE1CA3E70600DDAD04 /* AVFoundation.framework */,
				1B50107C1CA2A7BA00612067 /* QuartzCore.framework */,
				1B50105D1CA286C500612067 /* CoreGraphics.framework */,
				1B50105B1CA286B700612067 /* Foundation.framework */,
				1B5010591CA286AB00612067 /* UIKit.framework */,
				1B5010571CA2868800612067 /* AudioToolbox.framework */,
				1B5010551CA2867E00612067 /* MessageUI.framework */,
				1B5010531CA2867700612067 /* AdSupport.framework */,
				1B5010511CA2866D00612067 /* StoreKit.framework */,
				1B4A1CC61CA126D900CC2A7E /* iAd.framework */,
				9D52CAF51C3B9A6400262291 /* CoreLocation.framework */,
				9D52CAF31C3B9A2000262291 /* MapKit.framework */,
				9D9349881C510BF2007E3330 /* SystemConfiguration.framework */,
				2E60AB322146513386895064 /* Pods_RideShare.framework */,
			);
			name = Frameworks;
			sourceTree = "<group>";
		};
		1B50108B1CA2A84200612067 /* LARSAds */ = {
			isa = PBXGroup;
			children = (
				1B50107E1CA2A81D00612067 /* LARSAdController.h */,
				1B50107F1CA2A81D00612067 /* LARSAdController.m */,
				1B5010801CA2A81D00612067 /* TOLAdAdapter.h */,
				1B5010811CA2A81D00612067 /* TOLAdAdapterGoogleAds.h */,
				1B5010821CA2A81D00612067 /* TOLAdAdapterGoogleAds.m */,
				1B5010831CA2A81D00612067 /* TOLAdAdapteriAds.h */,
				1B5010841CA2A81D00612067 /* TOLAdAdapteriAds.m */,
				1B5010851CA2A81D00612067 /* TOLAdViewController.h */,
				1B5010861CA2A81D00612067 /* TOLAdViewController.m */,
			);
			name = LARSAds;
			sourceTree = "<group>";
		};
		1B5CB08C1C848D510045226A /* VehicleAnimation */ = {
			isa = PBXGroup;
			children = (
				1BC882FB1C8572F1009AC7F2 /* path.nmea */,
				1B5CB0801C848D450045226A /* HGMovingAnnotationSampleViewController.h */,
				1B5CB0811C848D450045226A /* HGMovingAnnotationSampleViewController.m */,
				1B5CB0821C848D450045226A /* HGMovingAnnotation.h */,
				1B5CB0831C848D450045226A /* HGMovingAnnotation.m */,
				1B5CB0841C848D450045226A /* HGMovingAnnotationView.h */,
				1B5CB0851C848D450045226A /* HGMovingAnnotationView.m */,
				1B5CB0861C848D450045226A /* HGMapPath.h */,
				1B5CB0871C848D450045226A /* HGMapPath.m */,
			);
			name = VehicleAnimation;
			sourceTree = "<group>";
		};
		9D4F01251C5B8A590022A0A4 /* SlideNavigationController */ = {
			isa = PBXGroup;
			children = (
				9D4F01261C5B8A750022A0A4 /* LeftMenuViewController.h */,
				9D4F01271C5B8A750022A0A4 /* LeftMenuViewController.m */,
				9D4F01281C5B8A750022A0A4 /* RightMenuViewController.h */,
				9D4F01291C5B8A750022A0A4 /* RightMenuViewController.m */,
				9D4F012A1C5B8A750022A0A4 /* SlideNavigationContorllerAnimator.h */,
				9D4F012B1C5B8A750022A0A4 /* SlideNavigationContorllerAnimatorFade.h */,
				9D4F012C1C5B8A750022A0A4 /* SlideNavigationContorllerAnimatorFade.m */,
				9D4F012D1C5B8A750022A0A4 /* SlideNavigationContorllerAnimatorScale.h */,
				9D4F012E1C5B8A750022A0A4 /* SlideNavigationContorllerAnimatorScale.m */,
				9D4F012F1C5B8A750022A0A4 /* SlideNavigationContorllerAnimatorScaleAndFade.h */,
				9D4F01301C5B8A750022A0A4 /* SlideNavigationContorllerAnimatorScaleAndFade.m */,
				9D4F01311C5B8A750022A0A4 /* SlideNavigationContorllerAnimatorSlide.h */,
				9D4F01321C5B8A750022A0A4 /* SlideNavigationContorllerAnimatorSlide.m */,
				9D4F01331C5B8A750022A0A4 /* SlideNavigationContorllerAnimatorSlideAndFade.h */,
				9D4F01341C5B8A750022A0A4 /* SlideNavigationContorllerAnimatorSlideAndFade.m */,
				9D4F01351C5B8A750022A0A4 /* SlideNavigationController.h */,
				9D4F01361C5B8A750022A0A4 /* SlideNavigationController.m */,
			);
			name = SlideNavigationController;
			sourceTree = "<group>";
		};
		9D77E1EF1C4652730044B81F /* KeyboardManager */ = {
			isa = PBXGroup;
			children = (
				9D77E1F01C4652B40044B81F /* IQDropDownTextField.m */,
				9D77E1F11C4652B40044B81F /* IQKeyboardManager.m */,
				9D77E1F21C4652B40044B81F /* IQKeyboardReturnKeyHandler.m */,
				9D77E1F31C4652B40044B81F /* IQUIView+Hierarchy.m */,
				9D77E1F41C4652B40044B81F /* IQUIView+IQKeyboardToolbar.h */,
				9D77E1F51C4652B40044B81F /* IQUIView+IQKeyboardToolbar.m */,
				9D77E1F61C4652B40044B81F /* IQBarButtonItem.h */,
				9D77E1F71C4652B40044B81F /* IQBarButtonItem.m */,
				9D77E1F81C4652B40044B81F /* IQDropDownTextField.h */,
				9D77E1F91C4652B40044B81F /* IQKeyboardManager.h */,
				9D77E1FA1C4652B40044B81F /* IQKeyboardManagerConstants.h */,
				9D77E1FB1C4652B40044B81F /* IQKeyboardManagerConstantsInternal.h */,
				9D77E1FC1C4652B40044B81F /* IQKeyboardReturnKeyHandler.h */,
				9D77E1FD1C4652B40044B81F /* IQNSArray+Sort.h */,
				9D77E1FE1C4652B40044B81F /* IQNSArray+Sort.m */,
				9D77E1FF1C4652B40044B81F /* IQSegmentedNextPrevious.h */,
				9D77E2001C4652B40044B81F /* IQSegmentedNextPrevious.m */,
				9D77E2011C4652B40044B81F /* IQTitleBarButtonItem.h */,
				9D77E2021C4652B40044B81F /* IQTitleBarButtonItem.m */,
				9D77E2031C4652B40044B81F /* IQToolbar.h */,
				9D77E2041C4652B40044B81F /* IQToolbar.m */,
				9D77E2051C4652B40044B81F /* IQUITextFieldView+Additions.h */,
				9D77E2061C4652B40044B81F /* IQUITextFieldView+Additions.m */,
				9D77E2071C4652B40044B81F /* IQUIView+Hierarchy.h */,
				9D77E2081C4652B40044B81F /* IQUIViewController+Additions.h */,
				9D77E2091C4652B40044B81F /* IQUIViewController+Additions.m */,
				9D77E20A1C4652B40044B81F /* IQUIWindow+Hierarchy.h */,
				9D77E20B1C4652B40044B81F /* IQUIWindow+Hierarchy.m */,
			);
			name = KeyboardManager;
			sourceTree = "<group>";
		};
		9D82B24B1C3A9BAA005CB5D5 = {
			isa = PBXGroup;
			children = (
				9D82B2561C3A9BAA005CB5D5 /* RideShare */,
				9D82B2551C3A9BAA005CB5D5 /* Products */,
				1A8BA193E0C59A1D6D9B20CE /* Frameworks */,
				E262DFC68A2EE756F997495B /* Pods */,
			);
			sourceTree = "<group>";
		};
		9D82B2551C3A9BAA005CB5D5 /* Products */ = {
			isa = PBXGroup;
			children = (
				9D82B2541C3A9BAA005CB5D5 /* RideShare.app */,
			);
			name = Products;
			sourceTree = "<group>";
		};
		9D82B2561C3A9BAA005CB5D5 /* RideShare */ = {
			isa = PBXGroup;
			children = (
				1BE68DCA1CA458FE00DDAD04 /* Hyderabad.gpx */,
				1BE68DCB1CA458FF00DDAD04 /* MyOffice.gpx */,
				1BB573871C69C7D700B17A31 /* RideShare-Bridging-Header.h */,
				1B50108B1CA2A84200612067 /* LARSAds */,
				9D77E1EF1C4652730044B81F /* KeyboardManager */,
				9D4F01251C5B8A590022A0A4 /* SlideNavigationController */,
				9D82B2831C3A9E4C005CB5D5 /* SlideMenu */,
				1B5CB08C1C848D510045226A /* VehicleAnimation */,
				9D93495B1C4FA53F007E3330 /* Modals */,
				9D82B25A1C3A9BAA005CB5D5 /* AppDelegate.h */,
				9D82B25B1C3A9BAA005CB5D5 /* AppDelegate.m */,
				9D52CAFB1C3BA99B00262291 /* RLLoginViewController.h */,
				9D52CAFC1C3BA99B00262291 /* RLLoginViewController.m */,
				9D52CAFE1C3BA9B500262291 /* RLRegistrationViewController.h */,
				9D52CAFF1C3BA9B500262291 /* RLRegistrationViewController.m */,
				1B6C9CEE1C96949F00061747 /* OTPVerificationViewController.h */,
				1B6C9CEF1C96949F00061747 /* OTPVerificationViewController.m */,
				9D9349AD1C52450D007E3330 /* RSForgotPasswordViewController.h */,
				9D9349AE1C52450D007E3330 /* RSForgotPasswordViewController.m */,
				9D82B25D1C3A9BAA005CB5D5 /* RSHomeViewController.h */,
				9D82B25E1C3A9BAA005CB5D5 /* RSHomeViewController.m */,
				9DD3553B1C3E78D200868CEA /* MyProfileViewController.h */,
				9DD3553C1C3E78D200868CEA /* MyProfileViewController.m */,
				9DD355381C3E61F000868CEA /* RSHistoryViewController.h */,
				9DD355391C3E61F000868CEA /* RSHistoryViewController.m */,
				9D9B69E41C642F10009E6494 /* RSNotificationsViewController.h */,
				9D9B69E51C642F10009E6494 /* RSNotificationsViewController.m */,
				9DD355411C3E9DD700868CEA /* RSFAQsViewController.h */,
				9DD355421C3E9DD700868CEA /* RSFAQsViewController.m */,
				9DED38911C65D76200BBD131 /* RSRideInProgressViewController.h */,
				9DED38921C65D76200BBD131 /* RSRideInProgressViewController.m */,
				9D4F01CE1C6040AD0022A0A4 /* RSFilterOptionsViewController.h */,
				9D4F01CF1C6040AD0022A0A4 /* RSFilterOptionsViewController.m */,
				9D52CAF71C3BA0BF00262291 /* RSLocationPickerController.h */,
				9D52CAF81C3BA0BF00262291 /* RSLocationPickerController.m */,
				9DED386B1C64DC7D00BBD131 /* RSPickupLocationPickerViewController.h */,
				9DED386C1C64DC7D00BBD131 /* RSPickupLocationPickerViewController.m */,
				9DD3553E1C3E886F00868CEA /* RSRateUsViewController.h */,
				9DD3553F1C3E886F00868CEA /* RSRateUsViewController.m */,
				9D93495F1C4FAE66007E3330 /* RSChangePwdController.h */,
				9D9349601C4FAE66007E3330 /* RSChangePwdController.m */,
				9DED38681C64C21E00BBD131 /* NotificationCell.h */,
				9DED38691C64C21E00BBD131 /* NotificationCell.m */,
				9D4F00DC1C58C4AB0022A0A4 /* RideCell.h */,
				9D4F00DD1C58C4AB0022A0A4 /* RideCell.m */,
				9D82B2601C3A9BAA005CB5D5 /* Main.storyboard */,
				9D82B2631C3A9BAA005CB5D5 /* Assets.xcassets */,
				9D82B2651C3A9BAA005CB5D5 /* LaunchScreen.storyboard */,
				9D82B2681C3A9BAA005CB5D5 /* Info.plist */,
				9D82B2571C3A9BAA005CB5D5 /* Supporting Files */,
			);
			path = RideShare;
			sourceTree = "<group>";
		};
		9D82B2571C3A9BAA005CB5D5 /* Supporting Files */ = {
			isa = PBXGroup;
			children = (
				9D82B2581C3A9BAA005CB5D5 /* main.m */,
			);
			name = "Supporting Files";
			sourceTree = "<group>";
		};
		9D82B2831C3A9E4C005CB5D5 /* SlideMenu */ = {
			isa = PBXGroup;
			children = (
				9D82B2841C3AA0F4005CB5D5 /* MainViewController.h */,
				9D82B2851C3AA0F4005CB5D5 /* MainViewController.m */,
				9D82B2871C3AA395005CB5D5 /* AMSlideMenuContentSegue.h */,
				9D82B2881C3AA395005CB5D5 /* AMSlideMenuContentSegue.m */,
				9D82B2891C3AA395005CB5D5 /* AMSlideMenuLeftMenuSegue.h */,
				9D82B28A1C3AA395005CB5D5 /* AMSlideMenuLeftMenuSegue.m */,
				9D82B28B1C3AA395005CB5D5 /* AMSlideMenuLeftTableViewController.h */,
				9D82B28C1C3AA395005CB5D5 /* AMSlideMenuLeftTableViewController.m */,
				9D82B28D1C3AA395005CB5D5 /* AMSlideMenuMainViewController.h */,
				9D82B28E1C3AA395005CB5D5 /* AMSlideMenuMainViewController.m */,
				9D82B28F1C3AA395005CB5D5 /* AMSlideMenuProtocols.h */,
				9D82B2901C3AA395005CB5D5 /* AMSlideMenuRightMenuSegue.h */,
				9D82B2911C3AA395005CB5D5 /* AMSlideMenuRightMenuSegue.m */,
				9D82B2921C3AA395005CB5D5 /* AMSlideMenuRightTableViewController.h */,
				9D82B2931C3AA395005CB5D5 /* AMSlideMenuRightTableViewController.m */,
				9D82B2941C3AA395005CB5D5 /* UIViewController+AMSlideMenu.h */,
				9D82B2951C3AA395005CB5D5 /* UIViewController+AMSlideMenu.m */,
			);
			name = SlideMenu;
			sourceTree = "<group>";
		};
		9D93495B1C4FA53F007E3330 /* Modals */ = {
			isa = PBXGroup;
			children = (
				9D93495C1C4FA55B007E3330 /* User.h */,
				9D93495D1C4FA55B007E3330 /* User.m */,
				9D9349851C510B86007E3330 /* Reachability.h */,
				9D9349861C510B86007E3330 /* Reachability.m */,
				9D77E2191C466E0E0044B81F /* RSUtils.h */,
				9D77E21A1C466E0E0044B81F /* RSUtils.m */,
				9D77E23F1C4E0B070044B81F /* RSServices.h */,
				9D77E2401C4E0B070044B81F /* RSServices.m */,
				9D77E2421C4E21310044B81F /* RSConfig.h */,
				9D52CB591C3D3A0D00262291 /* RSConstants.h */,
			);
			name = Modals;
			sourceTree = "<group>";
		};
		E262DFC68A2EE756F997495B /* Pods */ = {
			isa = PBXGroup;
			children = (
				F1FF09A78F8D54BBE142B819 /* Pods-RideShare.debug.xcconfig */,
				4D0E464CF5689DFDA571FBA3 /* Pods-RideShare.release.xcconfig */,
			);
			name = Pods;
			sourceTree = "<group>";
		};
/* End PBXGroup section */

/* Begin PBXNativeTarget section */
		9D82B2531C3A9BAA005CB5D5 /* RideShare */ = {
			isa = PBXNativeTarget;
			buildConfigurationList = 9D82B26B1C3A9BAA005CB5D5 /* Build configuration list for PBXNativeTarget "RideShare" */;
			buildPhases = (
				99A4980C24431DEA3CDE4312 /* Check Pods Manifest.lock */,
				9D82B2501C3A9BAA005CB5D5 /* Sources */,
				9D82B2511C3A9BAA005CB5D5 /* Frameworks */,
				9D82B2521C3A9BAA005CB5D5 /* Resources */,
				1E8167DF7ACECB9274786318 /* Embed Pods Frameworks */,
				7830EEC753E02A094571E62E /* Copy Pods Resources */,
			);
			buildRules = (
			);
			dependencies = (
			);
			name = RideShare;
			productName = RideShare;
			productReference = 9D82B2541C3A9BAA005CB5D5 /* RideShare.app */;
			productType = "com.apple.product-type.application";
		};
/* End PBXNativeTarget section */

/* Begin PBXProject section */
		9D82B24C1C3A9BAA005CB5D5 /* Project object */ = {
			isa = PBXProject;
			attributes = {
				LastUpgradeCheck = 0720;
				ORGANIZATIONNAME = Reddy;
				TargetAttributes = {
					9D82B2531C3A9BAA005CB5D5 = {
						CreatedOnToolsVersion = 7.2;
						DevelopmentTeam = LV85385FT5;
					};
				};
			};
			buildConfigurationList = 9D82B24F1C3A9BAA005CB5D5 /* Build configuration list for PBXProject "RideShare" */;
			compatibilityVersion = "Xcode 3.2";
			developmentRegion = English;
			hasScannedForEncodings = 0;
			knownRegions = (
				en,
				Base,
			);
			mainGroup = 9D82B24B1C3A9BAA005CB5D5;
			productRefGroup = 9D82B2551C3A9BAA005CB5D5 /* Products */;
			projectDirPath = "";
			projectRoot = "";
			targets = (
				9D82B2531C3A9BAA005CB5D5 /* RideShare */,
			);
		};
/* End PBXProject section */

/* Begin PBXResourcesBuildPhase section */
		9D82B2521C3A9BAA005CB5D5 /* Resources */ = {
			isa = PBXResourcesBuildPhase;
			buildActionMask = 2147483647;
			files = (
				9D82B2671C3A9BAA005CB5D5 /* LaunchScreen.storyboard in Resources */,
				1BE68DCC1CA458FF00DDAD04 /* Hyderabad.gpx in Resources */,
				1BC882FC1C8572F2009AC7F2 /* path.nmea in Resources */,
				1BE68DCD1CA458FF00DDAD04 /* MyOffice.gpx in Resources */,
				9D82B2641C3A9BAA005CB5D5 /* Assets.xcassets in Resources */,
				9D82B2621C3A9BAA005CB5D5 /* Main.storyboard in Resources */,
			);
			runOnlyForDeploymentPostprocessing = 0;
		};
/* End PBXResourcesBuildPhase section */

/* Begin PBXShellScriptBuildPhase section */
		1E8167DF7ACECB9274786318 /* Embed Pods Frameworks */ = {
			isa = PBXShellScriptBuildPhase;
			buildActionMask = 2147483647;
			files = (
			);
			inputPaths = (
			);
			name = "Embed Pods Frameworks";
			outputPaths = (
			);
			runOnlyForDeploymentPostprocessing = 0;
			shellPath = /bin/sh;
			shellScript = "\"${SRCROOT}/Pods/Target Support Files/Pods-RideShare/Pods-RideShare-frameworks.sh\"\n";
			showEnvVarsInLog = 0;
		};
		7830EEC753E02A094571E62E /* Copy Pods Resources */ = {
			isa = PBXShellScriptBuildPhase;
			buildActionMask = 2147483647;
			files = (
			);
			inputPaths = (
			);
			name = "Copy Pods Resources";
			outputPaths = (
			);
			runOnlyForDeploymentPostprocessing = 0;
			shellPath = /bin/sh;
			shellScript = "\"${SRCROOT}/Pods/Target Support Files/Pods-RideShare/Pods-RideShare-resources.sh\"\n";
			showEnvVarsInLog = 0;
		};
		99A4980C24431DEA3CDE4312 /* Check Pods Manifest.lock */ = {
			isa = PBXShellScriptBuildPhase;
			buildActionMask = 2147483647;
			files = (
			);
			inputPaths = (
			);
			name = "Check Pods Manifest.lock";
			outputPaths = (
			);
			runOnlyForDeploymentPostprocessing = 0;
			shellPath = /bin/sh;
			shellScript = "diff \"${PODS_ROOT}/../Podfile.lock\" \"${PODS_ROOT}/Manifest.lock\" > /dev/null\nif [[ $? != 0 ]] ; then\n    cat << EOM\nerror: The sandbox is not in sync with the Podfile.lock. Run 'pod install' or update your CocoaPods installation.\nEOM\n    exit 1\nfi\n";
			showEnvVarsInLog = 0;
		};
/* End PBXShellScriptBuildPhase section */

/* Begin PBXSourcesBuildPhase section */
		9D82B2501C3A9BAA005CB5D5 /* Sources */ = {
			isa = PBXSourcesBuildPhase;
			buildActionMask = 2147483647;
			files = (
				1B50107B1CA2A76B00612067 /* RSConstants.h in Sources */,
				9D4F01D01C6040AD0022A0A4 /* RSFilterOptionsViewController.m in Sources */,
				9D4F01381C5B8A750022A0A4 /* RightMenuViewController.m in Sources */,
				9D82B29C1C3AA395005CB5D5 /* UIViewController+AMSlideMenu.m in Sources */,
				9D77E2171C4652B40044B81F /* IQUIViewController+Additions.m in Sources */,
				9D77E2141C4652B40044B81F /* IQTitleBarButtonItem.m in Sources */,
				9D82B29A1C3AA395005CB5D5 /* AMSlideMenuRightMenuSegue.m in Sources */,
				1B5010891CA2A81D00612067 /* TOLAdAdapteriAds.m in Sources */,
				1B5CB0891C848D450045226A /* HGMovingAnnotation.m in Sources */,
				9D4F00DE1C58C4AB0022A0A4 /* RideCell.m in Sources */,
				9D82B2961C3AA395005CB5D5 /* AMSlideMenuContentSegue.m in Sources */,
				1B5CB08B1C848D450045226A /* HGMapPath.m in Sources */,
				9D52CAF91C3BA0BF00262291 /* RSLocationPickerController.m in Sources */,
				9D9349871C510B86007E3330 /* Reachability.m in Sources */,
				9D77E2151C4652B40044B81F /* IQToolbar.m in Sources */,
				9D4F013B1C5B8A750022A0A4 /* SlideNavigationContorllerAnimatorScaleAndFade.m in Sources */,
				9D77E20C1C4652B40044B81F /* IQDropDownTextField.m in Sources */,
				9D82B2861C3AA0F4005CB5D5 /* MainViewController.m in Sources */,
				1B50108A1CA2A81D00612067 /* TOLAdViewController.m in Sources */,
				9D77E2111C4652B40044B81F /* IQBarButtonItem.m in Sources */,
				9D77E2181C4652B40044B81F /* IQUIWindow+Hierarchy.m in Sources */,
				9D77E20F1C4652B40044B81F /* IQUIView+Hierarchy.m in Sources */,
				9D82B29B1C3AA395005CB5D5 /* AMSlideMenuRightTableViewController.m in Sources */,
				9D82B2991C3AA395005CB5D5 /* AMSlideMenuMainViewController.m in Sources */,
				9D93495E1C4FA55B007E3330 /* User.m in Sources */,
				9D4F013A1C5B8A750022A0A4 /* SlideNavigationContorllerAnimatorScale.m in Sources */,
				9DED386D1C64DC7D00BBD131 /* RSPickupLocationPickerViewController.m in Sources */,
				9D4F01371C5B8A750022A0A4 /* LeftMenuViewController.m in Sources */,
				9D82B25F1C3A9BAA005CB5D5 /* RSHomeViewController.m in Sources */,
				9DD355401C3E886F00868CEA /* RSRateUsViewController.m in Sources */,
				9D4F01391C5B8A750022A0A4 /* SlideNavigationContorllerAnimatorFade.m in Sources */,
				9DED386A1C64C21E00BBD131 /* NotificationCell.m in Sources */,
				9DD355431C3E9DD700868CEA /* RSFAQsViewController.m in Sources */,
				9D82B25C1C3A9BAA005CB5D5 /* AppDelegate.m in Sources */,
				9D9B69E61C642F10009E6494 /* RSNotificationsViewController.m in Sources */,
				9D4F013E1C5B8A750022A0A4 /* SlideNavigationController.m in Sources */,
				9D77E20E1C4652B40044B81F /* IQKeyboardReturnKeyHandler.m in Sources */,
				9D4F013C1C5B8A750022A0A4 /* SlideNavigationContorllerAnimatorSlide.m in Sources */,
				1B6C9CF01C96949F00061747 /* OTPVerificationViewController.m in Sources */,
				9DED38931C65D76200BBD131 /* RSRideInProgressViewController.m in Sources */,
				1B5010871CA2A81D00612067 /* LARSAdController.m in Sources */,
				9D77E2121C4652B40044B81F /* IQNSArray+Sort.m in Sources */,
				1B5010881CA2A81D00612067 /* TOLAdAdapterGoogleAds.m in Sources */,
				9D4F013D1C5B8A750022A0A4 /* SlideNavigationContorllerAnimatorSlideAndFade.m in Sources */,
				9DD3553A1C3E61F000868CEA /* RSHistoryViewController.m in Sources */,
				9D52CAFD1C3BA99B00262291 /* RLLoginViewController.m in Sources */,
				9D77E21B1C466E0E0044B81F /* RSUtils.m in Sources */,
				1B5CB08A1C848D450045226A /* HGMovingAnnotationView.m in Sources */,
				9D9349AF1C52450D007E3330 /* RSForgotPasswordViewController.m in Sources */,
				9D9349611C4FAE66007E3330 /* RSChangePwdController.m in Sources */,
				9D77E20D1C4652B40044B81F /* IQKeyboardManager.m in Sources */,
				9D77E2131C4652B40044B81F /* IQSegmentedNextPrevious.m in Sources */,
				9D82B2981C3AA395005CB5D5 /* AMSlideMenuLeftTableViewController.m in Sources */,
				9D77E2161C4652B40044B81F /* IQUITextFieldView+Additions.m in Sources */,
				9D77E2101C4652B40044B81F /* IQUIView+IQKeyboardToolbar.m in Sources */,
				1B5CB0881C848D450045226A /* HGMovingAnnotationSampleViewController.m in Sources */,
				9D82B2971C3AA395005CB5D5 /* AMSlideMenuLeftMenuSegue.m in Sources */,
				9D82B2591C3A9BAA005CB5D5 /* main.m in Sources */,
				9D77E2411C4E0B070044B81F /* RSServices.m in Sources */,
				9D52CB001C3BA9B500262291 /* RLRegistrationViewController.m in Sources */,
				9DD3553D1C3E78D200868CEA /* MyProfileViewController.m in Sources */,
			);
			runOnlyForDeploymentPostprocessing = 0;
		};
/* End PBXSourcesBuildPhase section */

/* Begin PBXVariantGroup section */
		9D82B2601C3A9BAA005CB5D5 /* Main.storyboard */ = {
			isa = PBXVariantGroup;
			children = (
				9D82B2611C3A9BAA005CB5D5 /* Base */,
			);
			name = Main.storyboard;
			sourceTree = "<group>";
		};
		9D82B2651C3A9BAA005CB5D5 /* LaunchScreen.storyboard */ = {
			isa = PBXVariantGroup;
			children = (
				9D82B2661C3A9BAA005CB5D5 /* Base */,
			);
			name = LaunchScreen.storyboard;
			sourceTree = "<group>";
		};
/* End PBXVariantGroup section */

/* Begin XCBuildConfiguration section */
		9D82B2691C3A9BAA005CB5D5 /* Debug */ = {
			isa = XCBuildConfiguration;
			buildSettings = {
				ALWAYS_SEARCH_USER_PATHS = NO;
				CLANG_CXX_LANGUAGE_STANDARD = "gnu++0x";
				CLANG_CXX_LIBRARY = "libc++";
				CLANG_ENABLE_MODULES = YES;
				CLANG_ENABLE_OBJC_ARC = YES;
				CLANG_WARN_BOOL_CONVERSION = YES;
				CLANG_WARN_CONSTANT_CONVERSION = YES;
				CLANG_WARN_DIRECT_OBJC_ISA_USAGE = YES_ERROR;
				CLANG_WARN_EMPTY_BODY = YES;
				CLANG_WARN_ENUM_CONVERSION = YES;
				CLANG_WARN_INT_CONVERSION = YES;
				CLANG_WARN_OBJC_ROOT_CLASS = YES_ERROR;
				CLANG_WARN_UNREACHABLE_CODE = YES;
				CLANG_WARN__DUPLICATE_METHOD_MATCH = YES;
				CODE_SIGN_IDENTITY = "iPhone Developer: Srinivas Pulluri (5RUQX35JU5)";
				"CODE_SIGN_IDENTITY[sdk=iphoneos*]" = "iPhone Developer: Srinivas Pulluri (5RUQX35JU5)";
				COPY_PHASE_STRIP = NO;
				DEBUG_INFORMATION_FORMAT = dwarf;
				ENABLE_STRICT_OBJC_MSGSEND = YES;
				ENABLE_TESTABILITY = YES;
				GCC_C_LANGUAGE_STANDARD = gnu99;
				GCC_DYNAMIC_NO_PIC = NO;
				GCC_NO_COMMON_BLOCKS = YES;
				GCC_OPTIMIZATION_LEVEL = 0;
				GCC_PREPROCESSOR_DEFINITIONS = (
					"DEBUG=1",
					"$(inherited)",
				);
				GCC_WARN_64_TO_32_BIT_CONVERSION = YES;
				GCC_WARN_ABOUT_RETURN_TYPE = YES_ERROR;
				GCC_WARN_UNDECLARED_SELECTOR = YES;
				GCC_WARN_UNINITIALIZED_AUTOS = YES_AGGRESSIVE;
				GCC_WARN_UNUSED_FUNCTION = YES;
				GCC_WARN_UNUSED_VARIABLE = YES;
				IPHONEOS_DEPLOYMENT_TARGET = 9.2;
				MTL_ENABLE_DEBUG_INFO = YES;
				ONLY_ACTIVE_ARCH = YES;
				PROVISIONING_PROFILE = "389278c6-d81d-4ffd-b32b-4fc099bf13df";
				SDKROOT = iphoneos;
				TARGETED_DEVICE_FAMILY = "1,2";
			};
			name = Debug;
		};
		9D82B26A1C3A9BAA005CB5D5 /* Release */ = {
			isa = XCBuildConfiguration;
			buildSettings = {
				ALWAYS_SEARCH_USER_PATHS = NO;
				CLANG_CXX_LANGUAGE_STANDARD = "gnu++0x";
				CLANG_CXX_LIBRARY = "libc++";
				CLANG_ENABLE_MODULES = YES;
				CLANG_ENABLE_OBJC_ARC = YES;
				CLANG_WARN_BOOL_CONVERSION = YES;
				CLANG_WARN_CONSTANT_CONVERSION = YES;
				CLANG_WARN_DIRECT_OBJC_ISA_USAGE = YES_ERROR;
				CLANG_WARN_EMPTY_BODY = YES;
				CLANG_WARN_ENUM_CONVERSION = YES;
				CLANG_WARN_INT_CONVERSION = YES;
				CLANG_WARN_OBJC_ROOT_CLASS = YES_ERROR;
				CLANG_WARN_UNREACHABLE_CODE = YES;
				CLANG_WARN__DUPLICATE_METHOD_MATCH = YES;
				CODE_SIGN_IDENTITY = "iPhone Developer: Srinivas Pulluri (5RUQX35JU5)";
				"CODE_SIGN_IDENTITY[sdk=iphoneos*]" = "iPhone Developer: Srinivas Pulluri (5RUQX35JU5)";
				COPY_PHASE_STRIP = NO;
				DEBUG_INFORMATION_FORMAT = "dwarf-with-dsym";
				ENABLE_NS_ASSERTIONS = NO;
				ENABLE_STRICT_OBJC_MSGSEND = YES;
				GCC_C_LANGUAGE_STANDARD = gnu99;
				GCC_NO_COMMON_BLOCKS = YES;
				GCC_WARN_64_TO_32_BIT_CONVERSION = YES;
				GCC_WARN_ABOUT_RETURN_TYPE = YES_ERROR;
				GCC_WARN_UNDECLARED_SELECTOR = YES;
				GCC_WARN_UNINITIALIZED_AUTOS = YES_AGGRESSIVE;
				GCC_WARN_UNUSED_FUNCTION = YES;
				GCC_WARN_UNUSED_VARIABLE = YES;
				IPHONEOS_DEPLOYMENT_TARGET = 9.2;
				MTL_ENABLE_DEBUG_INFO = NO;
				PROVISIONING_PROFILE = "389278c6-d81d-4ffd-b32b-4fc099bf13df";
				SDKROOT = iphoneos;
				TARGETED_DEVICE_FAMILY = "1,2";
				VALIDATE_PRODUCT = YES;
			};
			name = Release;
		};
		9D82B26C1C3A9BAA005CB5D5 /* Debug */ = {
			isa = XCBuildConfiguration;
			baseConfigurationReference = F1FF09A78F8D54BBE142B819 /* Pods-RideShare.debug.xcconfig */;
			buildSettings = {
				ASSETCATALOG_COMPILER_APPICON_NAME = AppIcon;
				CLANG_ENABLE_MODULES = YES;
				CODE_SIGN_IDENTITY = "iPhone Developer: Srinivas Pulluri (5RUQX35JU5)";
				DEFINES_MODULE = YES;
				EMBEDDED_CONTENT_CONTAINS_SWIFT = YES;
				ENABLE_BITCODE = NO;
				INFOPLIST_FILE = RideShare/Info.plist;
				IPHONEOS_DEPLOYMENT_TARGET = 8.0;
				LD_RUNPATH_SEARCH_PATHS = "$(inherited) @executable_path/Frameworks";
				PRODUCT_BUNDLE_IDENTIFIER = com.saxonglobal.rideshare;
				PRODUCT_NAME = "$(TARGET_NAME)";
				PROVISIONING_PROFILE = "389278c6-d81d-4ffd-b32b-4fc099bf13df";
				SWIFT_OBJC_BRIDGING_HEADER = "RideShare/RideShare-Bridging-Header.h";
				SWIFT_OPTIMIZATION_LEVEL = "-Onone";
				TARGETED_DEVICE_FAMILY = 1;
			};
			name = Debug;
		};
		9D82B26D1C3A9BAA005CB5D5 /* Release */ = {
			isa = XCBuildConfiguration;
			baseConfigurationReference = 4D0E464CF5689DFDA571FBA3 /* Pods-RideShare.release.xcconfig */;
			buildSettings = {
				ASSETCATALOG_COMPILER_APPICON_NAME = AppIcon;
				CLANG_ENABLE_MODULES = YES;
				CODE_SIGN_IDENTITY = "iPhone Developer: Srinivas Pulluri (5RUQX35JU5)";
				DEFINES_MODULE = YES;
				EMBEDDED_CONTENT_CONTAINS_SWIFT = YES;
				ENABLE_BITCODE = NO;
				INFOPLIST_FILE = RideShare/Info.plist;
				IPHONEOS_DEPLOYMENT_TARGET = 8.0;
				LD_RUNPATH_SEARCH_PATHS = "$(inherited) @executable_path/Frameworks";
				PRODUCT_BUNDLE_IDENTIFIER = com.saxonglobal.rideshare;
				PRODUCT_NAME = "$(TARGET_NAME)";
				PROVISIONING_PROFILE = "389278c6-d81d-4ffd-b32b-4fc099bf13df";
				SWIFT_OBJC_BRIDGING_HEADER = "RideShare/RideShare-Bridging-Header.h";
				TARGETED_DEVICE_FAMILY = 1;
			};
			name = Release;
		};
/* End XCBuildConfiguration section */

/* Begin XCConfigurationList section */
		9D82B24F1C3A9BAA005CB5D5 /* Build configuration list for PBXProject "RideShare" */ = {
			isa = XCConfigurationList;
			buildConfigurations = (
				9D82B2691C3A9BAA005CB5D5 /* Debug */,
				9D82B26A1C3A9BAA005CB5D5 /* Release */,
			);
			defaultConfigurationIsVisible = 0;
			defaultConfigurationName = Release;
		};
		9D82B26B1C3A9BAA005CB5D5 /* Build configuration list for PBXNativeTarget "RideShare" */ = {
			isa = XCConfigurationList;
			buildConfigurations = (
				9D82B26C1C3A9BAA005CB5D5 /* Debug */,
				9D82B26D1C3A9BAA005CB5D5 /* Release */,
			);
			defaultConfigurationIsVisible = 0;
			defaultConfigurationName = Release;
		};
/* End XCConfigurationList section */
	};
	rootObject = 9D82B24C1C3A9BAA005CB5D5 /* Project object */;
}
